
Microsoft Visual Studio Solution File, Format Version 12.00
# Visual Studio Version 17
VisualStudioVersion = 17.0.31903.59
MinimumVisualStudioVersion = 10.0.40219.1
Project("{FAE04EC0-301F-11D3-BF4B-00C04F79EFBC}") = "SimpleService", "SimpleService\SimpleService.csproj", "{E09D98C1-B603-44FA-8A4B-A1B167EA5980}"
EndProject
Project("{FAE04EC0-301F-11D3-BF4B-00C04F79EFBC}") = "WiremockTestApp", "WiremockTestApp\WiremockTestApp.csproj", "{0DC7F85B-53AB-43A8-9A87-197F826CCF0E}"
EndProject
Global
	GlobalSection(SolutionConfigurationPlatforms) = preSolution
		Debug|Any CPU = Debug|Any CPU
		Release|Any CPU = Release|Any CPU
	EndGlobalSection
	GlobalSection(SolutionProperties) = preSolution
		HideSolutionNode = FALSE
	EndGlobalSection
	GlobalSection(ProjectConfigurationPlatforms) = postSolution
		{E09D98C1-B603-44FA-8A4B-A1B167EA5980}.Debug|Any CPU.ActiveCfg = Debug|Any CPU
		{E09D98C1-B603-44FA-8A4B-A1B167EA5980}.Debug|Any CPU.Build.0 = Debug|Any CPU
		{E09D98C1-B603-44FA-8A4B-A1B167EA5980}.Release|Any CPU.ActiveCfg = Release|Any CPU
		{E09D98C1-B603-44FA-8A4B-A1B167EA5980}.Release|Any CPU.Build.0 = Release|Any CPU
		{0DC7F85B-53AB-43A8-9A87-197F826CCF0E}.Debug|Any CPU.ActiveCfg = Debug|Any CPU
		{0DC7F85B-53AB-43A8-9A87-197F826CCF0E}.Debug|Any CPU.Build.0 = Debug|Any CPU
		{0DC7F85B-53AB-43A8-9A87-197F826CCF0E}.Release|Any CPU.ActiveCfg = Release|Any CPU
		{0DC7F85B-53AB-43A8-9A87-197F826CCF0E}.Release|Any CPU.Build.0 = Release|Any CPU
	EndGlobalSection
EndGlobal
