
Microsoft Visual Studio Solution File, Format Version 12.00
# Visual Studio 14
VisualStudioVersion = 14.0.25420.1
MinimumVisualStudioVersion = 10.0.40219.1
Project("{FAE04EC0-301F-11D3-BF4B-00C04F79EFBC}") = "testJdi20160715", "testJdi20160715\testJdi20160715.csproj", "{385C46DB-DCBD-4153-9168-A7A163A0534C}"
EndProject
Global
	GlobalSection(SolutionConfigurationPlatforms) = preSolution
		Debug|Any CPU = Debug|Any CPU
		Release|Any CPU = Release|Any CPU
	EndGlobalSection
	GlobalSection(ProjectConfigurationPlatforms) = postSolution
		{385C46DB-DCBD-4153-9168-A7A163A0534C}.Debug|Any CPU.ActiveCfg = Debug|Any CPU
		{385C46DB-DCBD-4153-9168-A7A163A0534C}.Debug|Any CPU.Build.0 = Debug|Any CPU
		{385C46DB-DCBD-4153-9168-A7A163A0534C}.Release|Any CPU.ActiveCfg = Release|Any CPU
		{385C46DB-DCBD-4153-9168-A7A163A0534C}.Release|Any CPU.Build.0 = Release|Any CPU
	EndGlobalSection
	GlobalSection(SolutionProperties) = preSolution
		HideSolutionNode = FALSE
	EndGlobalSection
EndGlobal
