
Microsoft Visual Studio Solution File, Format Version 11.00
# Visual Studio 2010
# SharpDevelop 5.0
Project("{FAE04EC0-301F-11D3-BF4B-00C04F79EFBC}") = "NancyExample04", "NancyExample04\NancyExample04.csproj", "{6E109BA7-6702-4F72-A27A-37277F27994C}"
EndProject
Global
	GlobalSection(SolutionConfigurationPlatforms) = preSolution
		Debug|Any CPU = Debug|Any CPU
		Release|Any CPU = Release|Any CPU
	EndGlobalSection
	GlobalSection(ProjectConfigurationPlatforms) = postSolution
		{6E109BA7-6702-4F72-A27A-37277F27994C}.Debug|Any CPU.ActiveCfg = Debug|Any CPU
		{6E109BA7-6702-4F72-A27A-37277F27994C}.Debug|Any CPU.Build.0 = Debug|Any CPU
		{6E109BA7-6702-4F72-A27A-37277F27994C}.Release|Any CPU.ActiveCfg = Release|Any CPU
		{6E109BA7-6702-4F72-A27A-37277F27994C}.Release|Any CPU.Build.0 = Release|Any CPU
	EndGlobalSection
EndGlobal
