
Microsoft Visual Studio Solution File, Format Version 11.00
# Visual Studio 2010
# SharpDevelop 5.0
Project("{FAE04EC0-301F-11D3-BF4B-00C04F79EFBC}") = "NwxTestReporting", "NwxTestReporting\NwxTestReporting.csproj", "{0526C238-84C2-4466-9873-9566D7C54D83}"
EndProject
Project("{FAE04EC0-301F-11D3-BF4B-00C04F79EFBC}") = "NwxTestReporting.Tests", "NwxTestReporting.Tests\NwxTestReporting.Tests.csproj", "{D15C7803-A912-4B70-92D5-A4FE7822558F}"
EndProject
Project("{FAE04EC0-301F-11D3-BF4B-00C04F79EFBC}") = "Tmx.Server", "..\..\PS\STUPS\TMX\Tmx.Server\Tmx.Server.csproj", "{A80B14D0-C8DB-4F70-B18E-4FD1C16E0AEC}"
EndProject
Global
	GlobalSection(SolutionConfigurationPlatforms) = preSolution
		Debug|Any CPU = Debug|Any CPU
		Release|Any CPU = Release|Any CPU
	EndGlobalSection
	GlobalSection(ProjectConfigurationPlatforms) = postSolution
		{0526C238-84C2-4466-9873-9566D7C54D83}.Debug|Any CPU.ActiveCfg = Debug|Any CPU
		{0526C238-84C2-4466-9873-9566D7C54D83}.Debug|Any CPU.Build.0 = Debug|Any CPU
		{0526C238-84C2-4466-9873-9566D7C54D83}.Release|Any CPU.ActiveCfg = Release|Any CPU
		{0526C238-84C2-4466-9873-9566D7C54D83}.Release|Any CPU.Build.0 = Release|Any CPU
		{D15C7803-A912-4B70-92D5-A4FE7822558F}.Debug|Any CPU.ActiveCfg = Debug|Any CPU
		{D15C7803-A912-4B70-92D5-A4FE7822558F}.Debug|Any CPU.Build.0 = Debug|Any CPU
		{D15C7803-A912-4B70-92D5-A4FE7822558F}.Release|Any CPU.ActiveCfg = Release|Any CPU
		{D15C7803-A912-4B70-92D5-A4FE7822558F}.Release|Any CPU.Build.0 = Release|Any CPU
		{A80B14D0-C8DB-4F70-B18E-4FD1C16E0AEC}.Debug|Any CPU.ActiveCfg = Debug|Any CPU
		{A80B14D0-C8DB-4F70-B18E-4FD1C16E0AEC}.Debug|Any CPU.Build.0 = Debug|Any CPU
		{A80B14D0-C8DB-4F70-B18E-4FD1C16E0AEC}.Release|Any CPU.ActiveCfg = Release|Any CPU
		{A80B14D0-C8DB-4F70-B18E-4FD1C16E0AEC}.Release|Any CPU.Build.0 = Release|Any CPU
	EndGlobalSection
EndGlobal
