
Microsoft Visual Studio Solution File, Format Version 11.00
# Visual Studio 2010
# SharpDevelop 5.0
Project("{FAE04EC0-301F-11D3-BF4B-00C04F79EFBC}") = "testNProxyCore", "testNProxyCore\testNProxyCore.csproj", "{2B39A479-CF07-4AA4-8046-31944E93DF5D}"
EndProject
Global
	GlobalSection(SolutionConfigurationPlatforms) = preSolution
		Debug|Any CPU = Debug|Any CPU
		Release|Any CPU = Release|Any CPU
	EndGlobalSection
	GlobalSection(ProjectConfigurationPlatforms) = postSolution
		{2B39A479-CF07-4AA4-8046-31944E93DF5D}.Debug|Any CPU.ActiveCfg = Debug|Any CPU
		{2B39A479-CF07-4AA4-8046-31944E93DF5D}.Debug|Any CPU.Build.0 = Debug|Any CPU
		{2B39A479-CF07-4AA4-8046-31944E93DF5D}.Release|Any CPU.ActiveCfg = Release|Any CPU
		{2B39A479-CF07-4AA4-8046-31944E93DF5D}.Release|Any CPU.Build.0 = Release|Any CPU
	EndGlobalSection
EndGlobal
