
Microsoft Visual Studio Solution File, Format Version 12.00
# Visual Studio 15
VisualStudioVersion = 15.0.27428.2037
MinimumVisualStudioVersion = 10.0.40219.1
Project("{F184B08F-C81C-45F6-A57F-5ABD9991F28F}") = "Chapter01Sample001", "Chapter01Sample001\Chapter01Sample001.vbproj", "{5361BB81-27C2-4643-96EC-E53933A50BD6}"
EndProject
Global
	GlobalSection(SolutionConfigurationPlatforms) = preSolution
		Debug|Any CPU = Debug|Any CPU
		Release|Any CPU = Release|Any CPU
	EndGlobalSection
	GlobalSection(ProjectConfigurationPlatforms) = postSolution
		{5361BB81-27C2-4643-96EC-E53933A50BD6}.Debug|Any CPU.ActiveCfg = Debug|Any CPU
		{5361BB81-27C2-4643-96EC-E53933A50BD6}.Debug|Any CPU.Build.0 = Debug|Any CPU
		{5361BB81-27C2-4643-96EC-E53933A50BD6}.Release|Any CPU.ActiveCfg = Release|Any CPU
		{5361BB81-27C2-4643-96EC-E53933A50BD6}.Release|Any CPU.Build.0 = Release|Any CPU
	EndGlobalSection
	GlobalSection(SolutionProperties) = preSolution
		HideSolutionNode = FALSE
	EndGlobalSection
	GlobalSection(ExtensibilityGlobals) = postSolution
		SolutionGuid = {EB53699E-35C3-4F53-B680-C19557DFC9F5}
	EndGlobalSection
EndGlobal
