
Microsoft Visual Studio Solution File, Format Version 11.00
# Visual Studio 2010
# SharpDevelop 5.1
Project("{FAE04EC0-301F-11D3-BF4B-00C04F79EFBC}") = "testModalDialogOfForm", "testModalDialogOfForm\testModalDialogOfForm.csproj", "{F9BD0C07-8C6B-4C85-9B95-5554250621C5}"
EndProject
Global
	GlobalSection(SolutionConfigurationPlatforms) = preSolution
		Debug|Any CPU = Debug|Any CPU
		Release|Any CPU = Release|Any CPU
	EndGlobalSection
	GlobalSection(ProjectConfigurationPlatforms) = postSolution
		{F9BD0C07-8C6B-4C85-9B95-5554250621C5}.Debug|Any CPU.ActiveCfg = Debug|Any CPU
		{F9BD0C07-8C6B-4C85-9B95-5554250621C5}.Debug|Any CPU.Build.0 = Debug|Any CPU
		{F9BD0C07-8C6B-4C85-9B95-5554250621C5}.Release|Any CPU.ActiveCfg = Release|Any CPU
		{F9BD0C07-8C6B-4C85-9B95-5554250621C5}.Release|Any CPU.Build.0 = Release|Any CPU
	EndGlobalSection
EndGlobal
