
Microsoft Visual Studio Solution File, Format Version 10.00
# Visual Studio 2008
# SharpDevelop 5.0
Project("{FAE04EC0-301F-11D3-BF4B-00C04F79EFBC}") = "testMoreLinq", "testMoreLinq\testMoreLinq.csproj", "{14F0A52F-286A-4492-87A5-913D79BFA4A4}"
EndProject
Global
	GlobalSection(SolutionConfigurationPlatforms) = preSolution
		Debug|Any CPU = Debug|Any CPU
		Release|Any CPU = Release|Any CPU
	EndGlobalSection
	GlobalSection(ProjectConfigurationPlatforms) = postSolution
		{14F0A52F-286A-4492-87A5-913D79BFA4A4}.Debug|Any CPU.ActiveCfg = Debug|Any CPU
		{14F0A52F-286A-4492-87A5-913D79BFA4A4}.Debug|Any CPU.Build.0 = Debug|Any CPU
		{14F0A52F-286A-4492-87A5-913D79BFA4A4}.Release|Any CPU.ActiveCfg = Release|Any CPU
		{14F0A52F-286A-4492-87A5-913D79BFA4A4}.Release|Any CPU.Build.0 = Release|Any CPU
	EndGlobalSection
EndGlobal
