
Microsoft Visual Studio Solution File, Format Version 11.00
# Visual Studio 2010
# SharpDevelop 5.0
Project("{FAE04EC0-301F-11D3-BF4B-00C04F79EFBC}") = "tempForm", "tempForm\tempForm.csproj", "{0D03504C-2EB3-4B68-87AF-58CDFA87E795}"
EndProject
Global
	GlobalSection(SolutionConfigurationPlatforms) = preSolution
		Debug|Any CPU = Debug|Any CPU
		Release|Any CPU = Release|Any CPU
	EndGlobalSection
	GlobalSection(ProjectConfigurationPlatforms) = postSolution
		{0D03504C-2EB3-4B68-87AF-58CDFA87E795}.Debug|Any CPU.ActiveCfg = Debug|Any CPU
		{0D03504C-2EB3-4B68-87AF-58CDFA87E795}.Debug|Any CPU.Build.0 = Debug|Any CPU
		{0D03504C-2EB3-4B68-87AF-58CDFA87E795}.Release|Any CPU.ActiveCfg = Release|Any CPU
		{0D03504C-2EB3-4B68-87AF-58CDFA87E795}.Release|Any CPU.Build.0 = Release|Any CPU
	EndGlobalSection
EndGlobal
