
Microsoft Visual Studio Solution File, Format Version 11.00
# Visual Studio 2010
Project("{FAE04EC0-301F-11D3-BF4B-00C04F79EFBC}") = "testVisualStudioOnline", "testVisualStudioOnline\testVisualStudioOnline.csproj", "{B511B296-1B19-42F0-A5E2-416D081C99AA}"
EndProject
Project("{FAE04EC0-301F-11D3-BF4B-00C04F79EFBC}") = "TfsAutomation.Core", "TfsAutomation.Core\TfsAutomation.Core.csproj", "{2BDCCE87-C93F-4B49-9902-2F8A682B50AA}"
EndProject
Project("{FAE04EC0-301F-11D3-BF4B-00C04F79EFBC}") = "TfsAutomation.Tests", "TfsAutomation.Tests\TfsAutomation.Tests.csproj", "{264DA263-5AB3-4652-8CF3-6FF8850C1F75}"
EndProject
Global
	GlobalSection(SolutionConfigurationPlatforms) = preSolution
		Debug|x86 = Debug|x86
		Release|x86 = Release|x86
	EndGlobalSection
	GlobalSection(ProjectConfigurationPlatforms) = postSolution
		{264DA263-5AB3-4652-8CF3-6FF8850C1F75}.Debug|x86.ActiveCfg = Debug|Any CPU
		{264DA263-5AB3-4652-8CF3-6FF8850C1F75}.Debug|x86.Build.0 = Debug|Any CPU
		{264DA263-5AB3-4652-8CF3-6FF8850C1F75}.Release|x86.ActiveCfg = Release|Any CPU
		{264DA263-5AB3-4652-8CF3-6FF8850C1F75}.Release|x86.Build.0 = Release|Any CPU
		{2BDCCE87-C93F-4B49-9902-2F8A682B50AA}.Debug|x86.ActiveCfg = Debug|Any CPU
		{2BDCCE87-C93F-4B49-9902-2F8A682B50AA}.Debug|x86.Build.0 = Debug|Any CPU
		{2BDCCE87-C93F-4B49-9902-2F8A682B50AA}.Release|x86.ActiveCfg = Release|Any CPU
		{2BDCCE87-C93F-4B49-9902-2F8A682B50AA}.Release|x86.Build.0 = Release|Any CPU
		{B511B296-1B19-42F0-A5E2-416D081C99AA}.Debug|x86.ActiveCfg = Debug|x86
		{B511B296-1B19-42F0-A5E2-416D081C99AA}.Debug|x86.Build.0 = Debug|x86
		{B511B296-1B19-42F0-A5E2-416D081C99AA}.Release|x86.ActiveCfg = Release|x86
		{B511B296-1B19-42F0-A5E2-416D081C99AA}.Release|x86.Build.0 = Release|x86
	EndGlobalSection
	GlobalSection(MonoDevelopProperties) = preSolution
		StartupItem = testVisualStudioOnline\testVisualStudioOnline.csproj
	EndGlobalSection
EndGlobal
