
Microsoft Visual Studio Solution File, Format Version 11.00
# Visual Studio 2010
# SharpDevelop 4.3
Project("{F2A71F9B-5D33-465A-A702-920D77279786}") = "F3test", "F3test\F3test.fsproj", "{4675EEBC-72C6-49EC-938A-DF90C80FA791}"
EndProject
Project("{F2A71F9B-5D33-465A-A702-920D77279786}") = "F3lib", "F3lib\F3lib.fsproj", "{2535E13B-C9D0-458D-9FCA-999409C66F70}"
EndProject
Global
	GlobalSection(SolutionConfigurationPlatforms) = preSolution
		Debug|Any CPU = Debug|Any CPU
		Release|Any CPU = Release|Any CPU
	EndGlobalSection
	GlobalSection(ProjectConfigurationPlatforms) = postSolution
		{4675EEBC-72C6-49EC-938A-DF90C80FA791}.Debug|Any CPU.Build.0 = Debug|Any CPU
		{4675EEBC-72C6-49EC-938A-DF90C80FA791}.Debug|Any CPU.ActiveCfg = Debug|Any CPU
		{4675EEBC-72C6-49EC-938A-DF90C80FA791}.Release|Any CPU.Build.0 = Release|Any CPU
		{4675EEBC-72C6-49EC-938A-DF90C80FA791}.Release|Any CPU.ActiveCfg = Release|Any CPU
		{2535E13B-C9D0-458D-9FCA-999409C66F70}.Debug|Any CPU.Build.0 = Debug|Any CPU
		{2535E13B-C9D0-458D-9FCA-999409C66F70}.Debug|Any CPU.ActiveCfg = Debug|Any CPU
		{2535E13B-C9D0-458D-9FCA-999409C66F70}.Release|Any CPU.Build.0 = Release|Any CPU
		{2535E13B-C9D0-458D-9FCA-999409C66F70}.Release|Any CPU.ActiveCfg = Release|Any CPU
	EndGlobalSection
EndGlobal
