
Microsoft Visual Studio Solution File, Format Version 12.00
# Visual Studio 2012
Project("{FAE04EC0-301F-11D3-BF4B-00C04F79EFBC}") = "testSqliteLinq02", "testSqliteLinq02\testSqliteLinq02.csproj", "{381DF0C1-26F0-4874-A480-76FE1CA833C0}"
EndProject
Global
	GlobalSection(SolutionConfigurationPlatforms) = preSolution
		Debug|x86 = Debug|x86
		Release|x86 = Release|x86
	EndGlobalSection
	GlobalSection(ProjectConfigurationPlatforms) = postSolution
		{381DF0C1-26F0-4874-A480-76FE1CA833C0}.Debug|x86.ActiveCfg = Debug|x86
		{381DF0C1-26F0-4874-A480-76FE1CA833C0}.Debug|x86.Build.0 = Debug|x86
		{381DF0C1-26F0-4874-A480-76FE1CA833C0}.Release|x86.ActiveCfg = Release|x86
		{381DF0C1-26F0-4874-A480-76FE1CA833C0}.Release|x86.Build.0 = Release|x86
	EndGlobalSection
	GlobalSection(MonoDevelopProperties) = preSolution
		StartupItem = testSqliteLinq02\testSqliteLinq02.csproj
	EndGlobalSection
EndGlobal
