
Microsoft Visual Studio Solution File, Format Version 11.00
# Visual Studio 2010
# SharpDevelop 5.0
Project("{FAE04EC0-301F-11D3-BF4B-00C04F79EFBC}") = "testAsmPath", "testAsmPath\testAsmPath.csproj", "{4DDF2ED5-2CA0-4C34-B2AA-302FE591C34A}"
EndProject
Global
	GlobalSection(SolutionConfigurationPlatforms) = preSolution
		Debug|Any CPU = Debug|Any CPU
		Release|Any CPU = Release|Any CPU
	EndGlobalSection
	GlobalSection(ProjectConfigurationPlatforms) = postSolution
		{4DDF2ED5-2CA0-4C34-B2AA-302FE591C34A}.Debug|Any CPU.ActiveCfg = Debug|Any CPU
		{4DDF2ED5-2CA0-4C34-B2AA-302FE591C34A}.Debug|Any CPU.Build.0 = Debug|Any CPU
		{4DDF2ED5-2CA0-4C34-B2AA-302FE591C34A}.Release|Any CPU.ActiveCfg = Release|Any CPU
		{4DDF2ED5-2CA0-4C34-B2AA-302FE591C34A}.Release|Any CPU.Build.0 = Release|Any CPU
	EndGlobalSection
EndGlobal
