
Microsoft Visual Studio Solution File, Format Version 11.00
# Visual Studio 2010
# SharpDevelop 5.1
Project("{FAE04EC0-301F-11D3-BF4B-00C04F79EFBC}") = "testTimeSpan", "testTimeSpan\testTimeSpan.csproj", "{BB4B9761-2794-4E93-93E3-76C83DF81DE3}"
EndProject
Global
	GlobalSection(SolutionConfigurationPlatforms) = preSolution
		Debug|Any CPU = Debug|Any CPU
		Release|Any CPU = Release|Any CPU
	EndGlobalSection
	GlobalSection(ProjectConfigurationPlatforms) = postSolution
		{BB4B9761-2794-4E93-93E3-76C83DF81DE3}.Debug|Any CPU.ActiveCfg = Debug|Any CPU
		{BB4B9761-2794-4E93-93E3-76C83DF81DE3}.Debug|Any CPU.Build.0 = Debug|Any CPU
		{BB4B9761-2794-4E93-93E3-76C83DF81DE3}.Release|Any CPU.ActiveCfg = Release|Any CPU
		{BB4B9761-2794-4E93-93E3-76C83DF81DE3}.Release|Any CPU.Build.0 = Release|Any CPU
	EndGlobalSection
EndGlobal
