
Microsoft Visual Studio Solution File, Format Version 11.00
# Visual Studio 2010
# SharpDevelop 5.1
Project("{FAE04EC0-301F-11D3-BF4B-00C04F79EFBC}") = "testNullArguments", "testNullArguments\testNullArguments.csproj", "{2872D1C6-C045-4D43-A720-66262AE4C65D}"
EndProject
Global
	GlobalSection(SolutionConfigurationPlatforms) = preSolution
		Debug|Any CPU = Debug|Any CPU
		Release|Any CPU = Release|Any CPU
	EndGlobalSection
	GlobalSection(ProjectConfigurationPlatforms) = postSolution
		{2872D1C6-C045-4D43-A720-66262AE4C65D}.Debug|Any CPU.ActiveCfg = Debug|Any CPU
		{2872D1C6-C045-4D43-A720-66262AE4C65D}.Debug|Any CPU.Build.0 = Debug|Any CPU
		{2872D1C6-C045-4D43-A720-66262AE4C65D}.Release|Any CPU.ActiveCfg = Release|Any CPU
		{2872D1C6-C045-4D43-A720-66262AE4C65D}.Release|Any CPU.Build.0 = Release|Any CPU
	EndGlobalSection
EndGlobal
