
Microsoft Visual Studio Solution File, Format Version 12.00
# Visual Studio Version 16
VisualStudioVersion = 25.0.1706.0
MinimumVisualStudioVersion = 10.0.40219.1
Project("{FAE04EC0-301F-11D3-BF4B-00C04F79EFBC}") = "aspapi", "aspapi.csproj", "{1BB62005-FCC3-412A-B79B-C368BCCC2627}"
EndProject
Global
	GlobalSection(SolutionConfigurationPlatforms) = preSolution
		Debug|Any CPU = Debug|Any CPU
		Release|Any CPU = Release|Any CPU
	EndGlobalSection
	GlobalSection(ProjectConfigurationPlatforms) = postSolution
		{1BB62005-FCC3-412A-B79B-C368BCCC2627}.Debug|Any CPU.ActiveCfg = Debug|Any CPU
		{1BB62005-FCC3-412A-B79B-C368BCCC2627}.Debug|Any CPU.Build.0 = Debug|Any CPU
		{1BB62005-FCC3-412A-B79B-C368BCCC2627}.Release|Any CPU.ActiveCfg = Release|Any CPU
		{1BB62005-FCC3-412A-B79B-C368BCCC2627}.Release|Any CPU.Build.0 = Release|Any CPU
	EndGlobalSection
	GlobalSection(SolutionProperties) = preSolution
		HideSolutionNode = FALSE
	EndGlobalSection
	GlobalSection(ExtensibilityGlobals) = postSolution
		SolutionGuid = {36AE2D73-0068-42B5-AD93-3A0A917C28DE}
	EndGlobalSection
EndGlobal
