
Microsoft Visual Studio Solution File, Format Version 11.00
# Visual Studio 2010
# SharpDevelop 5.1
Project("{FAE04EC0-301F-11D3-BF4B-00C04F79EFBC}") = "testStringToLong", "testStringToLong\testStringToLong.csproj", "{6F4F65CD-0F70-47E3-9719-949D3F54B461}"
EndProject
Global
	GlobalSection(SolutionConfigurationPlatforms) = preSolution
		Debug|Any CPU = Debug|Any CPU
		Release|Any CPU = Release|Any CPU
	EndGlobalSection
	GlobalSection(ProjectConfigurationPlatforms) = postSolution
		{6F4F65CD-0F70-47E3-9719-949D3F54B461}.Debug|Any CPU.ActiveCfg = Debug|Any CPU
		{6F4F65CD-0F70-47E3-9719-949D3F54B461}.Debug|Any CPU.Build.0 = Debug|Any CPU
		{6F4F65CD-0F70-47E3-9719-949D3F54B461}.Release|Any CPU.ActiveCfg = Release|Any CPU
		{6F4F65CD-0F70-47E3-9719-949D3F54B461}.Release|Any CPU.Build.0 = Release|Any CPU
	EndGlobalSection
EndGlobal
