
Microsoft Visual Studio Solution File, Format Version 12.00
# Visual Studio Version 17
VisualStudioVersion = 17.0.31903.59
MinimumVisualStudioVersion = 10.0.40219.1
Project("{2150E333-8FDC-42A3-9474-1A3956D46DE8}") = "src", "src", "{2655DF54-1648-4491-89E0-6DE4789A2619}"
EndProject
Project("{FAE04EC0-301F-11D3-BF4B-00C04F79EFBC}") = "LambdaTestSpecflowSelenium.Core", "src\LambdaTestSpecflowSelenium.Core\LambdaTestSpecflowSelenium.Core.csproj", "{D5A955E1-104E-4C1A-AC5C-C7C39FF03753}"
EndProject
Project("{FAE04EC0-301F-11D3-BF4B-00C04F79EFBC}") = "LambdaTestSpecflowSelenium.Tests", "src\LambdaTestSpecflowSelenium.Tests\LambdaTestSpecflowSelenium.Tests.csproj", "{73CB925D-BCBD-4A2D-ADF2-F87073657285}"
EndProject
Global
	GlobalSection(SolutionConfigurationPlatforms) = preSolution
		Debug|Any CPU = Debug|Any CPU
		Release|Any CPU = Release|Any CPU
	EndGlobalSection
	GlobalSection(SolutionProperties) = preSolution
		HideSolutionNode = FALSE
	EndGlobalSection
	GlobalSection(ProjectConfigurationPlatforms) = postSolution
		{D5A955E1-104E-4C1A-AC5C-C7C39FF03753}.Debug|Any CPU.ActiveCfg = Debug|Any CPU
		{D5A955E1-104E-4C1A-AC5C-C7C39FF03753}.Debug|Any CPU.Build.0 = Debug|Any CPU
		{D5A955E1-104E-4C1A-AC5C-C7C39FF03753}.Release|Any CPU.ActiveCfg = Release|Any CPU
		{D5A955E1-104E-4C1A-AC5C-C7C39FF03753}.Release|Any CPU.Build.0 = Release|Any CPU
		{73CB925D-BCBD-4A2D-ADF2-F87073657285}.Debug|Any CPU.ActiveCfg = Debug|Any CPU
		{73CB925D-BCBD-4A2D-ADF2-F87073657285}.Debug|Any CPU.Build.0 = Debug|Any CPU
		{73CB925D-BCBD-4A2D-ADF2-F87073657285}.Release|Any CPU.ActiveCfg = Release|Any CPU
		{73CB925D-BCBD-4A2D-ADF2-F87073657285}.Release|Any CPU.Build.0 = Release|Any CPU
	EndGlobalSection
	GlobalSection(NestedProjects) = preSolution
		{D5A955E1-104E-4C1A-AC5C-C7C39FF03753} = {2655DF54-1648-4491-89E0-6DE4789A2619}
		{73CB925D-BCBD-4A2D-ADF2-F87073657285} = {2655DF54-1648-4491-89E0-6DE4789A2619}
	EndGlobalSection
EndGlobal
