
Microsoft Visual Studio Solution File, Format Version 12.00
# Visual Studio Version 17
VisualStudioVersion = 17.0.31903.59
MinimumVisualStudioVersion = 10.0.40219.1
Project("{2150E333-8FDC-42A3-9474-1A3956D46DE8}") = "src", "src", "{8A0388E4-C491-49D7-9C0E-F9A5B491F6B1}"
EndProject
Project("{FAE04EC0-301F-11D3-BF4B-00C04F79EFBC}") = "LambdaTestSpecflowSelenium.Core", "src\LambdaTestSpecflowSelenium.Core\LambdaTestSpecflowSelenium.Core.csproj", "{233256B1-F17B-4A9D-9452-5A035A39D9E8}"
EndProject
Project("{FAE04EC0-301F-11D3-BF4B-00C04F79EFBC}") = "LambdaTestSpecflowSelenium.Tests", "src\LambdaTestSpecflowSelenium.Tests\LambdaTestSpecflowSelenium.Tests.csproj", "{CE513D42-A233-425D-8F4C-900450F17FC8}"
EndProject
Global
	GlobalSection(SolutionConfigurationPlatforms) = preSolution
		Debug|Any CPU = Debug|Any CPU
		Release|Any CPU = Release|Any CPU
	EndGlobalSection
	GlobalSection(SolutionProperties) = preSolution
		HideSolutionNode = FALSE
	EndGlobalSection
	GlobalSection(ProjectConfigurationPlatforms) = postSolution
		{233256B1-F17B-4A9D-9452-5A035A39D9E8}.Debug|Any CPU.ActiveCfg = Debug|Any CPU
		{233256B1-F17B-4A9D-9452-5A035A39D9E8}.Debug|Any CPU.Build.0 = Debug|Any CPU
		{233256B1-F17B-4A9D-9452-5A035A39D9E8}.Release|Any CPU.ActiveCfg = Release|Any CPU
		{233256B1-F17B-4A9D-9452-5A035A39D9E8}.Release|Any CPU.Build.0 = Release|Any CPU
		{CE513D42-A233-425D-8F4C-900450F17FC8}.Debug|Any CPU.ActiveCfg = Debug|Any CPU
		{CE513D42-A233-425D-8F4C-900450F17FC8}.Debug|Any CPU.Build.0 = Debug|Any CPU
		{CE513D42-A233-425D-8F4C-900450F17FC8}.Release|Any CPU.ActiveCfg = Release|Any CPU
		{CE513D42-A233-425D-8F4C-900450F17FC8}.Release|Any CPU.Build.0 = Release|Any CPU
	EndGlobalSection
	GlobalSection(NestedProjects) = preSolution
		{233256B1-F17B-4A9D-9452-5A035A39D9E8} = {8A0388E4-C491-49D7-9C0E-F9A5B491F6B1}
		{CE513D42-A233-425D-8F4C-900450F17FC8} = {8A0388E4-C491-49D7-9C0E-F9A5B491F6B1}
	EndGlobalSection
EndGlobal
