
Microsoft Visual Studio Solution File, Format Version 10.00
# Visual Studio 2008
# SharpDevelop 5.0
Project("{FAE04EC0-301F-11D3-BF4B-00C04F79EFBC}") = "testJsonNet", "testJsonNet\testJsonNet.csproj", "{5715B61C-CCEA-4ACC-A168-92805B4FD66C}"
EndProject
Global
	GlobalSection(SolutionConfigurationPlatforms) = preSolution
		Debug|Any CPU = Debug|Any CPU
		Release|Any CPU = Release|Any CPU
	EndGlobalSection
	GlobalSection(ProjectConfigurationPlatforms) = postSolution
		{5715B61C-CCEA-4ACC-A168-92805B4FD66C}.Debug|Any CPU.ActiveCfg = Debug|Any CPU
		{5715B61C-CCEA-4ACC-A168-92805B4FD66C}.Debug|Any CPU.Build.0 = Debug|Any CPU
		{5715B61C-CCEA-4ACC-A168-92805B4FD66C}.Release|Any CPU.ActiveCfg = Release|Any CPU
		{5715B61C-CCEA-4ACC-A168-92805B4FD66C}.Release|Any CPU.Build.0 = Release|Any CPU
	EndGlobalSection
EndGlobal
