
Microsoft Visual Studio Solution File, Format Version 11.00
# Visual Studio 2010
Project("{FAE04EC0-301F-11D3-BF4B-00C04F79EFBC}") = "ConsoleApp", "ConsoleApp\ConsoleApp.csproj", "{7C9B8969-9CFE-41D0-899E-09F4795BE6BB}"
EndProject
Project("{F184B08F-C81C-45F6-A57F-5ABD9991F28F}") = "ConsoleAppOrderedTest", "ConsoleAppOrderedTest\ConsoleAppOrderedTest.vbproj", "{26C3AD29-6A77-4AD5-9672-9C6F8370904E}"
EndProject
Project("{2150E333-8FDC-42A3-9474-1A3956D46DE8}") = "Solution Items", "Solution Items", "{B22119D2-29EE-4314-A0EF-506E7B191BB3}"
	ProjectSection(SolutionItems) = preProject
		ConsoleAppOrderedTest.vsmdi = ConsoleAppOrderedTest.vsmdi
		Local.testsettings = Local.testsettings
		TraceAndTestImpact.testsettings = TraceAndTestImpact.testsettings
	EndProjectSection
EndProject
Global
	GlobalSection(TestCaseManagementSettings) = postSolution
		CategoryFile = ConsoleAppOrderedTest.vsmdi
	EndGlobalSection
	GlobalSection(SolutionConfigurationPlatforms) = preSolution
		Debug|Any CPU = Debug|Any CPU
		Debug|Mixed Platforms = Debug|Mixed Platforms
		Debug|x86 = Debug|x86
		Release|Any CPU = Release|Any CPU
		Release|Mixed Platforms = Release|Mixed Platforms
		Release|x86 = Release|x86
	EndGlobalSection
	GlobalSection(ProjectConfigurationPlatforms) = postSolution
		{7C9B8969-9CFE-41D0-899E-09F4795BE6BB}.Debug|Any CPU.ActiveCfg = Debug|x86
		{7C9B8969-9CFE-41D0-899E-09F4795BE6BB}.Debug|Mixed Platforms.ActiveCfg = Debug|x86
		{7C9B8969-9CFE-41D0-899E-09F4795BE6BB}.Debug|Mixed Platforms.Build.0 = Debug|x86
		{7C9B8969-9CFE-41D0-899E-09F4795BE6BB}.Debug|x86.ActiveCfg = Debug|x86
		{7C9B8969-9CFE-41D0-899E-09F4795BE6BB}.Debug|x86.Build.0 = Debug|x86
		{7C9B8969-9CFE-41D0-899E-09F4795BE6BB}.Release|Any CPU.ActiveCfg = Release|x86
		{7C9B8969-9CFE-41D0-899E-09F4795BE6BB}.Release|Mixed Platforms.ActiveCfg = Release|x86
		{7C9B8969-9CFE-41D0-899E-09F4795BE6BB}.Release|Mixed Platforms.Build.0 = Release|x86
		{7C9B8969-9CFE-41D0-899E-09F4795BE6BB}.Release|x86.ActiveCfg = Release|x86
		{7C9B8969-9CFE-41D0-899E-09F4795BE6BB}.Release|x86.Build.0 = Release|x86
		{26C3AD29-6A77-4AD5-9672-9C6F8370904E}.Debug|Any CPU.ActiveCfg = Debug|Any CPU
		{26C3AD29-6A77-4AD5-9672-9C6F8370904E}.Debug|Any CPU.Build.0 = Debug|Any CPU
		{26C3AD29-6A77-4AD5-9672-9C6F8370904E}.Debug|Mixed Platforms.ActiveCfg = Debug|Any CPU
		{26C3AD29-6A77-4AD5-9672-9C6F8370904E}.Debug|Mixed Platforms.Build.0 = Debug|Any CPU
		{26C3AD29-6A77-4AD5-9672-9C6F8370904E}.Debug|x86.ActiveCfg = Debug|Any CPU
		{26C3AD29-6A77-4AD5-9672-9C6F8370904E}.Release|Any CPU.ActiveCfg = Release|Any CPU
		{26C3AD29-6A77-4AD5-9672-9C6F8370904E}.Release|Any CPU.Build.0 = Release|Any CPU
		{26C3AD29-6A77-4AD5-9672-9C6F8370904E}.Release|Mixed Platforms.ActiveCfg = Release|Any CPU
		{26C3AD29-6A77-4AD5-9672-9C6F8370904E}.Release|Mixed Platforms.Build.0 = Release|Any CPU
		{26C3AD29-6A77-4AD5-9672-9C6F8370904E}.Release|x86.ActiveCfg = Release|Any CPU
	EndGlobalSection
	GlobalSection(SolutionProperties) = preSolution
		HideSolutionNode = FALSE
	EndGlobalSection
EndGlobal
