
Microsoft Visual Studio Solution File, Format Version 11.00
# Visual Studio 2010
# SharpDevelop 5.0
Project("{FAE04EC0-301F-11D3-BF4B-00C04F79EFBC}") = "testSqLiteLinq", "testSqLiteLinq\testSqLiteLinq.csproj", "{F99B8337-ABF7-4A3F-AC7F-8F65BEE6948D}"
EndProject
Global
	GlobalSection(SolutionConfigurationPlatforms) = preSolution
		Debug|Any CPU = Debug|Any CPU
		Release|Any CPU = Release|Any CPU
	EndGlobalSection
	GlobalSection(ProjectConfigurationPlatforms) = postSolution
		{F99B8337-ABF7-4A3F-AC7F-8F65BEE6948D}.Debug|Any CPU.ActiveCfg = Debug|Any CPU
		{F99B8337-ABF7-4A3F-AC7F-8F65BEE6948D}.Debug|Any CPU.Build.0 = Debug|Any CPU
		{F99B8337-ABF7-4A3F-AC7F-8F65BEE6948D}.Release|Any CPU.ActiveCfg = Release|Any CPU
		{F99B8337-ABF7-4A3F-AC7F-8F65BEE6948D}.Release|Any CPU.Build.0 = Release|Any CPU
	EndGlobalSection
EndGlobal
