
Microsoft Visual Studio Solution File, Format Version 12.00
# Visual Studio 2012
# SharpDevelop 5.0
VisualStudioVersion = 12.0.20827.3
MinimumVisualStudioVersion = 10.0.40219.1
Project("{FAE04EC0-301F-11D3-BF4B-00C04F79EFBC}") = "NancyExample10", "NancyExample10\NancyExample10.csproj", "{8E01499F-948B-4AB2-817E-B80A3D0E5E90}"
EndProject
Project("{FAE04EC0-301F-11D3-BF4B-00C04F79EFBC}") = "NancyExample10Tests", "NancyExample10Tests\NancyExample10Tests.csproj", "{1203EDD4-B72F-47D2-B7F5-338AAAB8B358}"
EndProject
Global
	GlobalSection(SolutionConfigurationPlatforms) = preSolution
		Debug|Any CPU = Debug|Any CPU
		Release|Any CPU = Release|Any CPU
	EndGlobalSection
	GlobalSection(ProjectConfigurationPlatforms) = postSolution
		{8E01499F-948B-4AB2-817E-B80A3D0E5E90}.Debug|Any CPU.ActiveCfg = Debug|Any CPU
		{8E01499F-948B-4AB2-817E-B80A3D0E5E90}.Debug|Any CPU.Build.0 = Debug|Any CPU
		{8E01499F-948B-4AB2-817E-B80A3D0E5E90}.Release|Any CPU.ActiveCfg = Release|Any CPU
		{8E01499F-948B-4AB2-817E-B80A3D0E5E90}.Release|Any CPU.Build.0 = Release|Any CPU
		{1203EDD4-B72F-47D2-B7F5-338AAAB8B358}.Debug|Any CPU.ActiveCfg = Debug|Any CPU
		{1203EDD4-B72F-47D2-B7F5-338AAAB8B358}.Debug|Any CPU.Build.0 = Debug|Any CPU
		{1203EDD4-B72F-47D2-B7F5-338AAAB8B358}.Release|Any CPU.ActiveCfg = Release|Any CPU
		{1203EDD4-B72F-47D2-B7F5-338AAAB8B358}.Release|Any CPU.Build.0 = Release|Any CPU
	EndGlobalSection
EndGlobal
