
Microsoft Visual Studio Solution File, Format Version 11.00
# Visual Studio 2010
# SharpDevelop 5.0
Project("{FAE04EC0-301F-11D3-BF4B-00C04F79EFBC}") = "testDateTime", "testDateTime\testDateTime.csproj", "{EA98D895-4332-44C2-A35C-34EE14E7AB9C}"
EndProject
Global
	GlobalSection(SolutionConfigurationPlatforms) = preSolution
		Debug|Any CPU = Debug|Any CPU
		Release|Any CPU = Release|Any CPU
	EndGlobalSection
	GlobalSection(ProjectConfigurationPlatforms) = postSolution
		{EA98D895-4332-44C2-A35C-34EE14E7AB9C}.Debug|Any CPU.ActiveCfg = Debug|Any CPU
		{EA98D895-4332-44C2-A35C-34EE14E7AB9C}.Debug|Any CPU.Build.0 = Debug|Any CPU
		{EA98D895-4332-44C2-A35C-34EE14E7AB9C}.Release|Any CPU.ActiveCfg = Release|Any CPU
		{EA98D895-4332-44C2-A35C-34EE14E7AB9C}.Release|Any CPU.Build.0 = Release|Any CPU
	EndGlobalSection
EndGlobal
