
Microsoft Visual Studio Solution File, Format Version 11.00
# Visual Studio 2010
# SharpDevelop 4.3
Project("{FAE04EC0-301F-11D3-BF4B-00C04F79EFBC}") = "testWcfProxy", "testWcfProxy\testWcfProxy.csproj", "{808A4A99-AB1E-4F55-9343-A92581F3FE77}"
EndProject
Global
	GlobalSection(SolutionConfigurationPlatforms) = preSolution
		Debug|Any CPU = Debug|Any CPU
		Release|Any CPU = Release|Any CPU
	EndGlobalSection
	GlobalSection(ProjectConfigurationPlatforms) = postSolution
		{808A4A99-AB1E-4F55-9343-A92581F3FE77}.Debug|Any CPU.Build.0 = Debug|Any CPU
		{808A4A99-AB1E-4F55-9343-A92581F3FE77}.Debug|Any CPU.ActiveCfg = Debug|Any CPU
		{808A4A99-AB1E-4F55-9343-A92581F3FE77}.Release|Any CPU.Build.0 = Release|Any CPU
		{808A4A99-AB1E-4F55-9343-A92581F3FE77}.Release|Any CPU.ActiveCfg = Release|Any CPU
	EndGlobalSection
EndGlobal
