
Microsoft Visual Studio Solution File, Format Version 12.00
# Visual Studio 2012
Project("{FAE04EC0-301F-11D3-BF4B-00C04F79EFBC}") = "testWebMail", "testWebMail\testWebMail.csproj", "{B8C4375E-1822-401A-9E3F-A47B4CA84B0B}"
EndProject
Global
	GlobalSection(SolutionConfigurationPlatforms) = preSolution
		Debug|x86 = Debug|x86
		Release|x86 = Release|x86
	EndGlobalSection
	GlobalSection(ProjectConfigurationPlatforms) = postSolution
		{B8C4375E-1822-401A-9E3F-A47B4CA84B0B}.Debug|x86.ActiveCfg = Debug|x86
		{B8C4375E-1822-401A-9E3F-A47B4CA84B0B}.Debug|x86.Build.0 = Debug|x86
		{B8C4375E-1822-401A-9E3F-A47B4CA84B0B}.Release|x86.ActiveCfg = Release|x86
		{B8C4375E-1822-401A-9E3F-A47B4CA84B0B}.Release|x86.Build.0 = Release|x86
	EndGlobalSection
EndGlobal
