
Microsoft Visual Studio Solution File, Format Version 11.00
# Visual Studio 2010
# SharpDevelop 5.0
Project("{FAE04EC0-301F-11D3-BF4B-00C04F79EFBC}") = "winFormsTree", "winFormsTree\winFormsTree.csproj", "{7735B584-3DB8-4D1D-BE91-F3FB51040CC0}"
EndProject
Global
	GlobalSection(SolutionConfigurationPlatforms) = preSolution
		Debug|Any CPU = Debug|Any CPU
		Release|Any CPU = Release|Any CPU
	EndGlobalSection
	GlobalSection(ProjectConfigurationPlatforms) = postSolution
		{7735B584-3DB8-4D1D-BE91-F3FB51040CC0}.Debug|Any CPU.ActiveCfg = Debug|Any CPU
		{7735B584-3DB8-4D1D-BE91-F3FB51040CC0}.Debug|Any CPU.Build.0 = Debug|Any CPU
		{7735B584-3DB8-4D1D-BE91-F3FB51040CC0}.Release|Any CPU.ActiveCfg = Release|Any CPU
		{7735B584-3DB8-4D1D-BE91-F3FB51040CC0}.Release|Any CPU.Build.0 = Release|Any CPU
	EndGlobalSection
EndGlobal
