
Microsoft Visual Studio Solution File, Format Version 11.00
# Visual Studio 2010
# SharpDevelop 5.1
Project("{FAE04EC0-301F-11D3-BF4B-00C04F79EFBC}") = "testL2S", "testL2S\testL2S.csproj", "{B7C67EBF-3012-4844-9D21-C40F2BAFCC30}"
EndProject
Global
	GlobalSection(SolutionConfigurationPlatforms) = preSolution
		Debug|Any CPU = Debug|Any CPU
		Release|Any CPU = Release|Any CPU
	EndGlobalSection
	GlobalSection(ProjectConfigurationPlatforms) = postSolution
		{B7C67EBF-3012-4844-9D21-C40F2BAFCC30}.Debug|Any CPU.ActiveCfg = Debug|Any CPU
		{B7C67EBF-3012-4844-9D21-C40F2BAFCC30}.Debug|Any CPU.Build.0 = Debug|Any CPU
		{B7C67EBF-3012-4844-9D21-C40F2BAFCC30}.Release|Any CPU.ActiveCfg = Release|Any CPU
		{B7C67EBF-3012-4844-9D21-C40F2BAFCC30}.Release|Any CPU.Build.0 = Release|Any CPU
	EndGlobalSection
EndGlobal
