
Microsoft Visual Studio Solution File, Format Version 11.00
# Visual Studio 2010
# SharpDevelop 5.0
Project("{FAE04EC0-301F-11D3-BF4B-00C04F79EFBC}") = "testSendMailMessage", "testSendMailMessage\testSendMailMessage.csproj", "{1ADD4189-AD42-4592-8F21-830956235D0C}"
EndProject
Global
	GlobalSection(SolutionConfigurationPlatforms) = preSolution
		Debug|Any CPU = Debug|Any CPU
		Release|Any CPU = Release|Any CPU
	EndGlobalSection
	GlobalSection(ProjectConfigurationPlatforms) = postSolution
		{1ADD4189-AD42-4592-8F21-830956235D0C}.Debug|Any CPU.ActiveCfg = Debug|Any CPU
		{1ADD4189-AD42-4592-8F21-830956235D0C}.Debug|Any CPU.Build.0 = Debug|Any CPU
		{1ADD4189-AD42-4592-8F21-830956235D0C}.Release|Any CPU.ActiveCfg = Release|Any CPU
		{1ADD4189-AD42-4592-8F21-830956235D0C}.Release|Any CPU.Build.0 = Release|Any CPU
	EndGlobalSection
EndGlobal
