Microsoft Visual Studio Solution File, Format Version 12.00
# Visual Studio Version 17
VisualStudioVersion = 17.5.2.0
MinimumVisualStudioVersion = 10.0.40219.1
Project("{FAE04EC0-301F-11D3-BF4B-00C04F79EFBC}") = "MyWebService", "MyWebService.csproj", "{704E86EA-C4BC-00DD-64F8-741A79C7AD21}"
EndProject
Global
	GlobalSection(SolutionConfigurationPlatforms) = preSolution
		Debug|Any CPU = Debug|Any CPU
		Release|Any CPU = Release|Any CPU
	EndGlobalSection
	GlobalSection(ProjectConfigurationPlatforms) = postSolution
		{704E86EA-C4BC-00DD-64F8-741A79C7AD21}.Debug|Any CPU.ActiveCfg = Debug|Any CPU
		{704E86EA-C4BC-00DD-64F8-741A79C7AD21}.Debug|Any CPU.Build.0 = Debug|Any CPU
		{704E86EA-C4BC-00DD-64F8-741A79C7AD21}.Release|Any CPU.ActiveCfg = Release|Any CPU
		{704E86EA-C4BC-00DD-64F8-741A79C7AD21}.Release|Any CPU.Build.0 = Release|Any CPU
	EndGlobalSection
	GlobalSection(SolutionProperties) = preSolution
		HideSolutionNode = FALSE
	EndGlobalSection
	GlobalSection(ExtensibilityGlobals) = postSolution
		SolutionGuid = {DEAF4BE8-C119-416F-AC80-130CC9A2342E}
	EndGlobalSection
EndGlobal
