
Microsoft Visual Studio Solution File, Format Version 11.00
# Visual Studio 2010
# SharpDevelop 5.0
Project("{0E96FCFA-9DAC-4534-AC18-01A90C368873}") = "testUnitializedVariables", "testUnitializedVariables\testUnitializedVariables.vcxproj", "{DE3E11AD-C1D0-46A1-B8D2-ECB80B106978}"
EndProject
Global
	GlobalSection(SolutionConfigurationPlatforms) = preSolution
		Debug|Any CPU = Debug|Any CPU
		Release|Any CPU = Release|Any CPU
	EndGlobalSection
	GlobalSection(ProjectConfigurationPlatforms) = postSolution
		{DE3E11AD-C1D0-46A1-B8D2-ECB80B106978}.Debug|Any CPU.ActiveCfg = Debug|Any CPU
		{DE3E11AD-C1D0-46A1-B8D2-ECB80B106978}.Debug|Any CPU.Build.0 = Debug|Any CPU
		{DE3E11AD-C1D0-46A1-B8D2-ECB80B106978}.Release|Any CPU.ActiveCfg = Release|Any CPU
		{DE3E11AD-C1D0-46A1-B8D2-ECB80B106978}.Release|Any CPU.Build.0 = Release|Any CPU
	EndGlobalSection
EndGlobal
