
Microsoft Visual Studio Solution File, Format Version 11.00
# Visual Studio 2010
# SharpDevelop 5.0
Project("{FAE04EC0-301F-11D3-BF4B-00C04F79EFBC}") = "testOdata", "testOdata\testOdata.csproj", "{47EB0240-8781-44F3-AE7C-B92D053A2F7C}"
EndProject
Global
	GlobalSection(SolutionConfigurationPlatforms) = preSolution
		Debug|Any CPU = Debug|Any CPU
		Release|Any CPU = Release|Any CPU
	EndGlobalSection
	GlobalSection(ProjectConfigurationPlatforms) = postSolution
		{47EB0240-8781-44F3-AE7C-B92D053A2F7C}.Debug|Any CPU.ActiveCfg = Debug|Any CPU
		{47EB0240-8781-44F3-AE7C-B92D053A2F7C}.Debug|Any CPU.Build.0 = Debug|Any CPU
		{47EB0240-8781-44F3-AE7C-B92D053A2F7C}.Release|Any CPU.ActiveCfg = Release|Any CPU
		{47EB0240-8781-44F3-AE7C-B92D053A2F7C}.Release|Any CPU.Build.0 = Release|Any CPU
	EndGlobalSection
EndGlobal
