
Microsoft Visual Studio Solution File, Format Version 11.00
# Visual Studio 2010
# SharpDevelop 5.0
Project("{F2A71F9B-5D33-465A-A702-920D77279786}") = "testF01", "testF01\testF01.fsproj", "{06318216-C866-43C9-A3E8-3FEA0CF2E75E}"
EndProject
Global
	GlobalSection(SolutionConfigurationPlatforms) = preSolution
		Debug|Any CPU = Debug|Any CPU
		Release|Any CPU = Release|Any CPU
	EndGlobalSection
	GlobalSection(ProjectConfigurationPlatforms) = postSolution
		{06318216-C866-43C9-A3E8-3FEA0CF2E75E}.Debug|Any CPU.ActiveCfg = Debug|Any CPU
		{06318216-C866-43C9-A3E8-3FEA0CF2E75E}.Debug|Any CPU.Build.0 = Debug|Any CPU
		{06318216-C866-43C9-A3E8-3FEA0CF2E75E}.Release|Any CPU.ActiveCfg = Release|Any CPU
		{06318216-C866-43C9-A3E8-3FEA0CF2E75E}.Release|Any CPU.Build.0 = Release|Any CPU
	EndGlobalSection
EndGlobal
