
Microsoft Visual Studio Solution File, Format Version 11.00
# Visual Studio 2010
# SharpDevelop 4.2.2.8818
Project("{FAE04EC0-301F-11D3-BF4B-00C04F79EFBC}") = "testDateTimePicker32", "testDateTimePicker32\testDateTimePicker32.csproj", "{FD2C619A-576E-4B91-84E8-DE72EA951AC3}"
EndProject
Global
	GlobalSection(SolutionConfigurationPlatforms) = preSolution
		Debug|x86 = Debug|x86
		Release|x86 = Release|x86
	EndGlobalSection
	GlobalSection(ProjectConfigurationPlatforms) = postSolution
		{FD2C619A-576E-4B91-84E8-DE72EA951AC3}.Debug|x86.Build.0 = Debug|x86
		{FD2C619A-576E-4B91-84E8-DE72EA951AC3}.Debug|x86.ActiveCfg = Debug|x86
		{FD2C619A-576E-4B91-84E8-DE72EA951AC3}.Release|x86.Build.0 = Release|x86
		{FD2C619A-576E-4B91-84E8-DE72EA951AC3}.Release|x86.ActiveCfg = Release|x86
	EndGlobalSection
EndGlobal
