
Microsoft Visual Studio Solution File, Format Version 12.00
# Visual Studio 2012
Project("{FAE04EC0-301F-11D3-BF4B-00C04F79EFBC}") = "PartyInvites-00", "PartyInvites\PartyInvites-00.csproj", "{27BBEB96-92B2-4D12-968F-7451763D61F9}"
EndProject
Global
	GlobalSection(SolutionConfigurationPlatforms) = preSolution
		Debug|Any CPU = Debug|Any CPU
		Release|Any CPU = Release|Any CPU
	EndGlobalSection
	GlobalSection(ProjectConfigurationPlatforms) = postSolution
		{27BBEB96-92B2-4D12-968F-7451763D61F9}.Debug|Any CPU.ActiveCfg = Debug|Any CPU
		{27BBEB96-92B2-4D12-968F-7451763D61F9}.Debug|Any CPU.Build.0 = Debug|Any CPU
		{27BBEB96-92B2-4D12-968F-7451763D61F9}.Release|Any CPU.ActiveCfg = Release|Any CPU
		{27BBEB96-92B2-4D12-968F-7451763D61F9}.Release|Any CPU.Build.0 = Release|Any CPU
	EndGlobalSection
	GlobalSection(MonoDevelopProperties) = preSolution
		StartupItem = PartyInvites\PartyInvites-00.csproj
	EndGlobalSection
EndGlobal
