
Microsoft Visual Studio Solution File, Format Version 12.00
# Visual Studio Express 2013 for Web
VisualStudioVersion = 12.0.31101.0
MinimumVisualStudioVersion = 10.0.40219.1
Project("{FAE04EC0-301F-11D3-BF4B-00C04F79EFBC}") = "Razor002", "Razor002\Razor002.csproj", "{CD82C27B-A237-433E-AE68-E847EEEA73BE}"
EndProject
Global
	GlobalSection(SolutionConfigurationPlatforms) = preSolution
		Debug|Any CPU = Debug|Any CPU
		Release|Any CPU = Release|Any CPU
	EndGlobalSection
	GlobalSection(ProjectConfigurationPlatforms) = postSolution
		{CD82C27B-A237-433E-AE68-E847EEEA73BE}.Debug|Any CPU.ActiveCfg = Debug|Any CPU
		{CD82C27B-A237-433E-AE68-E847EEEA73BE}.Debug|Any CPU.Build.0 = Debug|Any CPU
		{CD82C27B-A237-433E-AE68-E847EEEA73BE}.Release|Any CPU.ActiveCfg = Release|Any CPU
		{CD82C27B-A237-433E-AE68-E847EEEA73BE}.Release|Any CPU.Build.0 = Release|Any CPU
	EndGlobalSection
	GlobalSection(SolutionProperties) = preSolution
		HideSolutionNode = FALSE
	EndGlobalSection
EndGlobal
