
Microsoft Visual Studio Solution File, Format Version 12.00
# Visual Studio 2012
Project("{FAE04EC0-301F-11D3-BF4B-00C04F79EFBC}") = "NancyExmaple05", "NancyExmaple05\NancyExmaple05.csproj", "{633C1F7E-2A7C-415D-A281-BF0B0AB397F2}"
EndProject
Global
	GlobalSection(SolutionConfigurationPlatforms) = preSolution
		Debug|Any CPU = Debug|Any CPU
		Release|Any CPU = Release|Any CPU
	EndGlobalSection
	GlobalSection(ProjectConfigurationPlatforms) = postSolution
		{633C1F7E-2A7C-415D-A281-BF0B0AB397F2}.Debug|Any CPU.ActiveCfg = Debug|Any CPU
		{633C1F7E-2A7C-415D-A281-BF0B0AB397F2}.Debug|Any CPU.Build.0 = Debug|Any CPU
		{633C1F7E-2A7C-415D-A281-BF0B0AB397F2}.Release|Any CPU.ActiveCfg = Release|Any CPU
		{633C1F7E-2A7C-415D-A281-BF0B0AB397F2}.Release|Any CPU.Build.0 = Release|Any CPU
	EndGlobalSection
	GlobalSection(SolutionProperties) = preSolution
		HideSolutionNode = FALSE
	EndGlobalSection
EndGlobal
