
Microsoft Visual Studio Solution File, Format Version 11.00
# Visual Studio 2010
# SharpDevelop 4.3
Project("{FAE04EC0-301F-11D3-BF4B-00C04F79EFBC}") = "testWcfSvc", "testWcfSvc\testWcfSvc.csproj", "{BC3E52A5-7CE5-48B5-B21E-7EDC59CE3711}"
EndProject
Global
	GlobalSection(SolutionConfigurationPlatforms) = preSolution
		Debug|Any CPU = Debug|Any CPU
		Release|Any CPU = Release|Any CPU
	EndGlobalSection
	GlobalSection(ProjectConfigurationPlatforms) = postSolution
		{BC3E52A5-7CE5-48B5-B21E-7EDC59CE3711}.Debug|Any CPU.Build.0 = Debug|Any CPU
		{BC3E52A5-7CE5-48B5-B21E-7EDC59CE3711}.Debug|Any CPU.ActiveCfg = Debug|Any CPU
		{BC3E52A5-7CE5-48B5-B21E-7EDC59CE3711}.Release|Any CPU.Build.0 = Release|Any CPU
		{BC3E52A5-7CE5-48B5-B21E-7EDC59CE3711}.Release|Any CPU.ActiveCfg = Release|Any CPU
	EndGlobalSection
EndGlobal
