
Microsoft Visual Studio Solution File, Format Version 11.00
# Visual Studio 2010
# SharpDevelop 5.0
Project("{FAE04EC0-301F-11D3-BF4B-00C04F79EFBC}") = "testCaliburn", "testCaliburn\testCaliburn.csproj", "{F8F082E7-0EE9-4734-9C3B-A82E9CA0E0B5}"
EndProject
Global
	GlobalSection(SolutionConfigurationPlatforms) = preSolution
		Debug|Any CPU = Debug|Any CPU
		Release|Any CPU = Release|Any CPU
	EndGlobalSection
	GlobalSection(ProjectConfigurationPlatforms) = postSolution
		{F8F082E7-0EE9-4734-9C3B-A82E9CA0E0B5}.Debug|Any CPU.ActiveCfg = Debug|Any CPU
		{F8F082E7-0EE9-4734-9C3B-A82E9CA0E0B5}.Debug|Any CPU.Build.0 = Debug|Any CPU
		{F8F082E7-0EE9-4734-9C3B-A82E9CA0E0B5}.Release|Any CPU.ActiveCfg = Release|Any CPU
		{F8F082E7-0EE9-4734-9C3B-A82E9CA0E0B5}.Release|Any CPU.Build.0 = Release|Any CPU
	EndGlobalSection
EndGlobal
