
Microsoft Visual Studio Solution File, Format Version 11.00
# Visual Studio 2010
# SharpDevelop 4.3
Project("{FAE04EC0-301F-11D3-BF4B-00C04F79EFBC}") = "story01", "story01\story01.csproj", "{34FDF542-CE92-4EBB-892C-4FACC11B8D63}"
EndProject
Project("{FAE04EC0-301F-11D3-BF4B-00C04F79EFBC}") = "story01test", "..\story01test\story01test.csproj", "{B43FAFF5-672F-4381-A481-83A6F7C11CB0}"
EndProject
Global
	GlobalSection(SolutionConfigurationPlatforms) = preSolution
		Debug|Any CPU = Debug|Any CPU
		Release|Any CPU = Release|Any CPU
	EndGlobalSection
	GlobalSection(ProjectConfigurationPlatforms) = postSolution
		{34FDF542-CE92-4EBB-892C-4FACC11B8D63}.Debug|Any CPU.Build.0 = Debug|Any CPU
		{34FDF542-CE92-4EBB-892C-4FACC11B8D63}.Debug|Any CPU.ActiveCfg = Debug|Any CPU
		{34FDF542-CE92-4EBB-892C-4FACC11B8D63}.Release|Any CPU.Build.0 = Release|Any CPU
		{34FDF542-CE92-4EBB-892C-4FACC11B8D63}.Release|Any CPU.ActiveCfg = Release|Any CPU
		{B43FAFF5-672F-4381-A481-83A6F7C11CB0}.Debug|Any CPU.Build.0 = Debug|Any CPU
		{B43FAFF5-672F-4381-A481-83A6F7C11CB0}.Debug|Any CPU.ActiveCfg = Debug|Any CPU
		{B43FAFF5-672F-4381-A481-83A6F7C11CB0}.Release|Any CPU.Build.0 = Release|Any CPU
		{B43FAFF5-672F-4381-A481-83A6F7C11CB0}.Release|Any CPU.ActiveCfg = Release|Any CPU
	EndGlobalSection
EndGlobal
