
Microsoft Visual Studio Solution File, Format Version 11.00
# Visual Studio 2010
# SharpDevelop 4.4
Project("{FAE04EC0-301F-11D3-BF4B-00C04F79EFBC}") = "testLinqComparer", "testLinqComparer\testLinqComparer.csproj", "{54AE0F74-0948-40E4-9BD5-A8EE7E8D0417}"
EndProject
Global
	GlobalSection(SolutionConfigurationPlatforms) = preSolution
		Debug|Any CPU = Debug|Any CPU
		Release|Any CPU = Release|Any CPU
	EndGlobalSection
	GlobalSection(ProjectConfigurationPlatforms) = postSolution
		{54AE0F74-0948-40E4-9BD5-A8EE7E8D0417}.Debug|Any CPU.Build.0 = Debug|Any CPU
		{54AE0F74-0948-40E4-9BD5-A8EE7E8D0417}.Debug|Any CPU.ActiveCfg = Debug|Any CPU
		{54AE0F74-0948-40E4-9BD5-A8EE7E8D0417}.Release|Any CPU.Build.0 = Release|Any CPU
		{54AE0F74-0948-40E4-9BD5-A8EE7E8D0417}.Release|Any CPU.ActiveCfg = Release|Any CPU
	EndGlobalSection
EndGlobal
