
Microsoft Visual Studio Solution File, Format Version 12.00
# Visual Studio 14
VisualStudioVersion = 14.0.25420.1
MinimumVisualStudioVersion = 10.0.40219.1
Project("{F2A71F9B-5D33-465A-A702-920D77279786}") = "fs00001", "fs00001\fs00001.fsproj", "{530F0F16-89F1-4E48-99BF-91325E836BDF}"
EndProject
Global
	GlobalSection(SolutionConfigurationPlatforms) = preSolution
		Debug|Any CPU = Debug|Any CPU
		Release|Any CPU = Release|Any CPU
	EndGlobalSection
	GlobalSection(ProjectConfigurationPlatforms) = postSolution
		{530F0F16-89F1-4E48-99BF-91325E836BDF}.Debug|Any CPU.ActiveCfg = Debug|Any CPU
		{530F0F16-89F1-4E48-99BF-91325E836BDF}.Debug|Any CPU.Build.0 = Debug|Any CPU
		{530F0F16-89F1-4E48-99BF-91325E836BDF}.Release|Any CPU.ActiveCfg = Release|Any CPU
		{530F0F16-89F1-4E48-99BF-91325E836BDF}.Release|Any CPU.Build.0 = Release|Any CPU
	EndGlobalSection
	GlobalSection(SolutionProperties) = preSolution
		HideSolutionNode = FALSE
	EndGlobalSection
EndGlobal
