
Microsoft Visual Studio Solution File, Format Version 10.00
# Visual Studio 2008
# SharpDevelop 4.2.2.8818
Project("{FAE04EC0-301F-11D3-BF4B-00C04F79EFBC}") = "nlogtest", "nlogtest\nlogtest.csproj", "{A8A5AFB3-535A-4089-8732-FAAD34931B5F}"
EndProject
Global
	GlobalSection(SolutionConfigurationPlatforms) = preSolution
		Debug|x86 = Debug|x86
		Release|x86 = Release|x86
	EndGlobalSection
	GlobalSection(ProjectConfigurationPlatforms) = postSolution
		{A8A5AFB3-535A-4089-8732-FAAD34931B5F}.Debug|x86.Build.0 = Debug|x86
		{A8A5AFB3-535A-4089-8732-FAAD34931B5F}.Debug|x86.ActiveCfg = Debug|x86
		{A8A5AFB3-535A-4089-8732-FAAD34931B5F}.Release|x86.Build.0 = Release|x86
		{A8A5AFB3-535A-4089-8732-FAAD34931B5F}.Release|x86.ActiveCfg = Release|x86
	EndGlobalSection
EndGlobal
