
Microsoft Visual Studio Solution File, Format Version 12.00
# Visual Studio 2012
Project("{FAE04EC0-301F-11D3-BF4B-00C04F79EFBC}") = "NancyExample07", "NancyExample07\NancyExample07.csproj", "{4DABFF39-75E0-4D51-A695-DCCA3F0048AE}"
EndProject
Global
	GlobalSection(SolutionConfigurationPlatforms) = preSolution
		Debug|Any CPU = Debug|Any CPU
		Release|Any CPU = Release|Any CPU
	EndGlobalSection
	GlobalSection(ProjectConfigurationPlatforms) = postSolution
		{4DABFF39-75E0-4D51-A695-DCCA3F0048AE}.Debug|Any CPU.ActiveCfg = Debug|Any CPU
		{4DABFF39-75E0-4D51-A695-DCCA3F0048AE}.Debug|Any CPU.Build.0 = Debug|Any CPU
		{4DABFF39-75E0-4D51-A695-DCCA3F0048AE}.Release|Any CPU.ActiveCfg = Release|Any CPU
		{4DABFF39-75E0-4D51-A695-DCCA3F0048AE}.Release|Any CPU.Build.0 = Release|Any CPU
	EndGlobalSection
	GlobalSection(SolutionProperties) = preSolution
		HideSolutionNode = FALSE
	EndGlobalSection
EndGlobal
