
Microsoft Visual Studio Solution File, Format Version 10.00
# Visual Studio 2008
# SharpDevelop 5.0
Project("{FAE04EC0-301F-11D3-BF4B-00C04F79EFBC}") = "testLinFu", "testLinFu\testLinFu.csproj", "{3A4C192A-C163-40C1-A7B4-A1E4A058C919}"
EndProject
Project("{FAE04EC0-301F-11D3-BF4B-00C04F79EFBC}") = "testLinFuLib", "testLinFuLib\testLinFuLib.csproj", "{A6435497-1BBA-4823-8D5E-3AC9B118B426}"
EndProject
Global
	GlobalSection(SolutionConfigurationPlatforms) = preSolution
		Debug|Any CPU = Debug|Any CPU
		Release|Any CPU = Release|Any CPU
	EndGlobalSection
	GlobalSection(ProjectConfigurationPlatforms) = postSolution
		{3A4C192A-C163-40C1-A7B4-A1E4A058C919}.Debug|Any CPU.ActiveCfg = Debug|Any CPU
		{3A4C192A-C163-40C1-A7B4-A1E4A058C919}.Debug|Any CPU.Build.0 = Debug|Any CPU
		{3A4C192A-C163-40C1-A7B4-A1E4A058C919}.Release|Any CPU.ActiveCfg = Release|Any CPU
		{3A4C192A-C163-40C1-A7B4-A1E4A058C919}.Release|Any CPU.Build.0 = Release|Any CPU
		{A6435497-1BBA-4823-8D5E-3AC9B118B426}.Debug|Any CPU.ActiveCfg = Debug|Any CPU
		{A6435497-1BBA-4823-8D5E-3AC9B118B426}.Debug|Any CPU.Build.0 = Debug|Any CPU
		{A6435497-1BBA-4823-8D5E-3AC9B118B426}.Release|Any CPU.ActiveCfg = Release|Any CPU
		{A6435497-1BBA-4823-8D5E-3AC9B118B426}.Release|Any CPU.Build.0 = Release|Any CPU
	EndGlobalSection
EndGlobal
