
Microsoft Visual Studio Solution File, Format Version 10.00
# Visual Studio 2008
# SharpDevelop 4.3
Project("{FAE04EC0-301F-11D3-BF4B-00C04F79EFBC}") = "testNSub2", "testNSub2\testNSub2.csproj", "{A49017F7-1F94-400A-B21B-469697974929}"
EndProject
Global
	GlobalSection(SolutionConfigurationPlatforms) = preSolution
		Debug|Any CPU = Debug|Any CPU
		Release|Any CPU = Release|Any CPU
	EndGlobalSection
	GlobalSection(ProjectConfigurationPlatforms) = postSolution
		{A49017F7-1F94-400A-B21B-469697974929}.Debug|Any CPU.Build.0 = Debug|Any CPU
		{A49017F7-1F94-400A-B21B-469697974929}.Debug|Any CPU.ActiveCfg = Debug|Any CPU
		{A49017F7-1F94-400A-B21B-469697974929}.Release|Any CPU.Build.0 = Release|Any CPU
		{A49017F7-1F94-400A-B21B-469697974929}.Release|Any CPU.ActiveCfg = Release|Any CPU
	EndGlobalSection
EndGlobal
