
Microsoft Visual Studio Solution File, Format Version 11.00
# Visual Studio 2010
# SharpDevelop 4.3
Project("{FAE04EC0-301F-11D3-BF4B-00C04F79EFBC}") = "testHtToDictConversion", "testHtToDictConversion\testHtToDictConversion.csproj", "{299AA960-B628-4D6D-A932-A1EE31EC1A9D}"
EndProject
Global
	GlobalSection(SolutionConfigurationPlatforms) = preSolution
		Debug|Any CPU = Debug|Any CPU
		Release|Any CPU = Release|Any CPU
	EndGlobalSection
	GlobalSection(ProjectConfigurationPlatforms) = postSolution
		{299AA960-B628-4D6D-A932-A1EE31EC1A9D}.Debug|Any CPU.Build.0 = Debug|Any CPU
		{299AA960-B628-4D6D-A932-A1EE31EC1A9D}.Debug|Any CPU.ActiveCfg = Debug|Any CPU
		{299AA960-B628-4D6D-A932-A1EE31EC1A9D}.Release|Any CPU.Build.0 = Release|Any CPU
		{299AA960-B628-4D6D-A932-A1EE31EC1A9D}.Release|Any CPU.ActiveCfg = Release|Any CPU
	EndGlobalSection
EndGlobal
