
Microsoft Visual Studio Solution File, Format Version 11.00
# Visual Studio 2010
# SharpDevelop 5.0
Project("{FAE04EC0-301F-11D3-BF4B-00C04F79EFBC}") = "testServiceStack", "testServiceStack\testServiceStack.csproj", "{12F55C71-C2EF-49A0-9426-A1D9976837D0}"
EndProject
Global
	GlobalSection(SolutionConfigurationPlatforms) = preSolution
		Debug|Any CPU = Debug|Any CPU
		Release|Any CPU = Release|Any CPU
	EndGlobalSection
	GlobalSection(ProjectConfigurationPlatforms) = postSolution
		{12F55C71-C2EF-49A0-9426-A1D9976837D0}.Debug|Any CPU.ActiveCfg = Debug|Any CPU
		{12F55C71-C2EF-49A0-9426-A1D9976837D0}.Debug|Any CPU.Build.0 = Debug|Any CPU
		{12F55C71-C2EF-49A0-9426-A1D9976837D0}.Release|Any CPU.ActiveCfg = Release|Any CPU
		{12F55C71-C2EF-49A0-9426-A1D9976837D0}.Release|Any CPU.Build.0 = Release|Any CPU
	EndGlobalSection
EndGlobal
