
Microsoft Visual Studio Solution File, Format Version 12.00
# Visual Studio Version 17
VisualStudioVersion = 17.0.31903.59
MinimumVisualStudioVersion = 10.0.40219.1
Project("{FAE04EC0-301F-11D3-BF4B-00C04F79EFBC}") = "EFSampleNet8.Core", "EFSampleNet8.Core\EFSampleNet8.Core.csproj", "{4D437644-039B-49EF-9440-995BBEAE4564}"
EndProject
Project("{FAE04EC0-301F-11D3-BF4B-00C04F79EFBC}") = "EFSampleNet8.Tests", "EFSampleNet8.Tests\EFSampleNet8.Tests.csproj", "{D64197B9-D89B-4815-BBA8-992E27ADA135}"
EndProject
Global
	GlobalSection(SolutionConfigurationPlatforms) = preSolution
		Debug|Any CPU = Debug|Any CPU
		Release|Any CPU = Release|Any CPU
	EndGlobalSection
	GlobalSection(SolutionProperties) = preSolution
		HideSolutionNode = FALSE
	EndGlobalSection
	GlobalSection(ProjectConfigurationPlatforms) = postSolution
		{4D437644-039B-49EF-9440-995BBEAE4564}.Debug|Any CPU.ActiveCfg = Debug|Any CPU
		{4D437644-039B-49EF-9440-995BBEAE4564}.Debug|Any CPU.Build.0 = Debug|Any CPU
		{4D437644-039B-49EF-9440-995BBEAE4564}.Release|Any CPU.ActiveCfg = Release|Any CPU
		{4D437644-039B-49EF-9440-995BBEAE4564}.Release|Any CPU.Build.0 = Release|Any CPU
		{D64197B9-D89B-4815-BBA8-992E27ADA135}.Debug|Any CPU.ActiveCfg = Debug|Any CPU
		{D64197B9-D89B-4815-BBA8-992E27ADA135}.Debug|Any CPU.Build.0 = Debug|Any CPU
		{D64197B9-D89B-4815-BBA8-992E27ADA135}.Release|Any CPU.ActiveCfg = Release|Any CPU
		{D64197B9-D89B-4815-BBA8-992E27ADA135}.Release|Any CPU.Build.0 = Release|Any CPU
	EndGlobalSection
EndGlobal
