
Microsoft Visual Studio Solution File, Format Version 11.00
# Visual Studio 2010
# SharpDevelop 5.0
Project("{FAE04EC0-301F-11D3-BF4B-00C04F79EFBC}") = "testBigList", "testBigList\testBigList.csproj", "{1DDC4DDF-94B1-455E-88F6-E7EB196154A1}"
EndProject
Global
	GlobalSection(SolutionConfigurationPlatforms) = preSolution
		Debug|Any CPU = Debug|Any CPU
		Release|Any CPU = Release|Any CPU
	EndGlobalSection
	GlobalSection(ProjectConfigurationPlatforms) = postSolution
		{1DDC4DDF-94B1-455E-88F6-E7EB196154A1}.Debug|Any CPU.ActiveCfg = Debug|Any CPU
		{1DDC4DDF-94B1-455E-88F6-E7EB196154A1}.Debug|Any CPU.Build.0 = Debug|Any CPU
		{1DDC4DDF-94B1-455E-88F6-E7EB196154A1}.Release|Any CPU.ActiveCfg = Release|Any CPU
		{1DDC4DDF-94B1-455E-88F6-E7EB196154A1}.Release|Any CPU.Build.0 = Release|Any CPU
	EndGlobalSection
EndGlobal
