
Microsoft Visual Studio Solution File, Format Version 11.00
# Visual Studio 2010
# SharpDevelop 5.0
Project("{FAE04EC0-301F-11D3-BF4B-00C04F79EFBC}") = "testNancyDotLiquid", "testNancyDotLiquid\testNancyDotLiquid.csproj", "{7ED23783-1F47-4F94-8D24-9225E701F048}"
EndProject
Global
	GlobalSection(SolutionConfigurationPlatforms) = preSolution
		Debug|Any CPU = Debug|Any CPU
		Release|Any CPU = Release|Any CPU
	EndGlobalSection
	GlobalSection(ProjectConfigurationPlatforms) = postSolution
		{7ED23783-1F47-4F94-8D24-9225E701F048}.Debug|Any CPU.ActiveCfg = Debug|Any CPU
		{7ED23783-1F47-4F94-8D24-9225E701F048}.Debug|Any CPU.Build.0 = Debug|Any CPU
		{7ED23783-1F47-4F94-8D24-9225E701F048}.Release|Any CPU.ActiveCfg = Release|Any CPU
		{7ED23783-1F47-4F94-8D24-9225E701F048}.Release|Any CPU.Build.0 = Release|Any CPU
	EndGlobalSection
EndGlobal
