
Microsoft Visual Studio Solution File, Format Version 10.00
# Visual Studio 2008
# SharpDevelop 5.0
Project("{FAE04EC0-301F-11D3-BF4B-00C04F79EFBC}") = "testSpringAop", "testSpringAop\testSpringAop.csproj", "{1DD71BA3-A74C-4B7B-B83E-A9B5104947FF}"
EndProject
Project("{FAE04EC0-301F-11D3-BF4B-00C04F79EFBC}") = "testSpringAopLib", "testSpringAopLib\testSpringAopLib.csproj", "{D4CCEFDE-82C3-40B2-ABC3-48B7BC6DFAED}"
EndProject
Project("{FAE04EC0-301F-11D3-BF4B-00C04F79EFBC}") = "testSpringAopClient", "testSpringAopClient\testSpringAopClient.csproj", "{45B41903-65A6-46E6-8028-8E2DD8CC4292}"
EndProject
Global
	GlobalSection(SolutionConfigurationPlatforms) = preSolution
		Debug|Any CPU = Debug|Any CPU
		Release|Any CPU = Release|Any CPU
	EndGlobalSection
	GlobalSection(ProjectConfigurationPlatforms) = postSolution
		{1DD71BA3-A74C-4B7B-B83E-A9B5104947FF}.Debug|Any CPU.ActiveCfg = Debug|Any CPU
		{1DD71BA3-A74C-4B7B-B83E-A9B5104947FF}.Debug|Any CPU.Build.0 = Debug|Any CPU
		{1DD71BA3-A74C-4B7B-B83E-A9B5104947FF}.Release|Any CPU.ActiveCfg = Release|Any CPU
		{1DD71BA3-A74C-4B7B-B83E-A9B5104947FF}.Release|Any CPU.Build.0 = Release|Any CPU
		{D4CCEFDE-82C3-40B2-ABC3-48B7BC6DFAED}.Debug|Any CPU.ActiveCfg = Debug|Any CPU
		{D4CCEFDE-82C3-40B2-ABC3-48B7BC6DFAED}.Debug|Any CPU.Build.0 = Debug|Any CPU
		{D4CCEFDE-82C3-40B2-ABC3-48B7BC6DFAED}.Release|Any CPU.ActiveCfg = Release|Any CPU
		{D4CCEFDE-82C3-40B2-ABC3-48B7BC6DFAED}.Release|Any CPU.Build.0 = Release|Any CPU
		{45B41903-65A6-46E6-8028-8E2DD8CC4292}.Debug|Any CPU.ActiveCfg = Debug|Any CPU
		{45B41903-65A6-46E6-8028-8E2DD8CC4292}.Debug|Any CPU.Build.0 = Debug|Any CPU
		{45B41903-65A6-46E6-8028-8E2DD8CC4292}.Release|Any CPU.ActiveCfg = Release|Any CPU
		{45B41903-65A6-46E6-8028-8E2DD8CC4292}.Release|Any CPU.Build.0 = Release|Any CPU
	EndGlobalSection
EndGlobal
