
Microsoft Visual Studio Solution File, Format Version 11.00
# Visual Studio 2010
# SharpDevelop 4.4
Project("{FAE04EC0-301F-11D3-BF4B-00C04F79EFBC}") = "testLinqIntersect", "testLinqIntersect\testLinqIntersect.csproj", "{87419C93-CCDC-46E2-8164-AF2504296B3F}"
EndProject
Global
	GlobalSection(SolutionConfigurationPlatforms) = preSolution
		Debug|Any CPU = Debug|Any CPU
		Release|Any CPU = Release|Any CPU
	EndGlobalSection
	GlobalSection(ProjectConfigurationPlatforms) = postSolution
		{87419C93-CCDC-46E2-8164-AF2504296B3F}.Debug|Any CPU.Build.0 = Debug|Any CPU
		{87419C93-CCDC-46E2-8164-AF2504296B3F}.Debug|Any CPU.ActiveCfg = Debug|Any CPU
		{87419C93-CCDC-46E2-8164-AF2504296B3F}.Release|Any CPU.Build.0 = Release|Any CPU
		{87419C93-CCDC-46E2-8164-AF2504296B3F}.Release|Any CPU.ActiveCfg = Release|Any CPU
	EndGlobalSection
EndGlobal
