
Microsoft Visual Studio Solution File, Format Version 11.00
# Visual Studio 2010
# SharpDevelop 5.0
Project("{FAE04EC0-301F-11D3-BF4B-00C04F79EFBC}") = "testGenFact02", "testGenFact02\testGenFact02.csproj", "{CEF4E29C-31AD-490D-8308-58A4C073A3F5}"
EndProject
Global
	GlobalSection(SolutionConfigurationPlatforms) = preSolution
		Debug|Any CPU = Debug|Any CPU
		Release|Any CPU = Release|Any CPU
	EndGlobalSection
	GlobalSection(ProjectConfigurationPlatforms) = postSolution
		{CEF4E29C-31AD-490D-8308-58A4C073A3F5}.Debug|Any CPU.ActiveCfg = Debug|Any CPU
		{CEF4E29C-31AD-490D-8308-58A4C073A3F5}.Debug|Any CPU.Build.0 = Debug|Any CPU
		{CEF4E29C-31AD-490D-8308-58A4C073A3F5}.Release|Any CPU.ActiveCfg = Release|Any CPU
		{CEF4E29C-31AD-490D-8308-58A4C073A3F5}.Release|Any CPU.Build.0 = Release|Any CPU
	EndGlobalSection
EndGlobal
