
Microsoft Visual Studio Solution File, Format Version 12.00
# Visual Studio Version 16
VisualStudioVersion = 25.0.1705.6
MinimumVisualStudioVersion = 10.0.40219.1
Project("{F2A71F9B-5D33-465A-A702-920D77279786}") = "BookstoreApi_f", "BookstoreApi_f.fsproj", "{2D8D19FD-F8B2-4F44-9418-90046458CCB4}"
EndProject
Global
	GlobalSection(SolutionConfigurationPlatforms) = preSolution
		Debug|Any CPU = Debug|Any CPU
		Release|Any CPU = Release|Any CPU
	EndGlobalSection
	GlobalSection(ProjectConfigurationPlatforms) = postSolution
		{2D8D19FD-F8B2-4F44-9418-90046458CCB4}.Debug|Any CPU.ActiveCfg = Debug|Any CPU
		{2D8D19FD-F8B2-4F44-9418-90046458CCB4}.Debug|Any CPU.Build.0 = Debug|Any CPU
		{2D8D19FD-F8B2-4F44-9418-90046458CCB4}.Release|Any CPU.ActiveCfg = Release|Any CPU
		{2D8D19FD-F8B2-4F44-9418-90046458CCB4}.Release|Any CPU.Build.0 = Release|Any CPU
	EndGlobalSection
	GlobalSection(SolutionProperties) = preSolution
		HideSolutionNode = FALSE
	EndGlobalSection
	GlobalSection(ExtensibilityGlobals) = postSolution
		SolutionGuid = {02EABEFC-632C-45C7-87EB-60A82D4C2414}
	EndGlobalSection
EndGlobal
