
Microsoft Visual Studio Solution File, Format Version 11.00
# Visual Studio 2010
# SharpDevelop 4.3
Project("{FAE04EC0-301F-11D3-BF4B-00C04F79EFBC}") = "howToPower", "howToPower\howToPower.csproj", "{20E8CC0A-EBB5-4A17-8A26-BD424AEBA8C2}"
EndProject
Global
	GlobalSection(SolutionConfigurationPlatforms) = preSolution
		Debug|Any CPU = Debug|Any CPU
		Release|Any CPU = Release|Any CPU
	EndGlobalSection
	GlobalSection(ProjectConfigurationPlatforms) = postSolution
		{20E8CC0A-EBB5-4A17-8A26-BD424AEBA8C2}.Debug|Any CPU.Build.0 = Debug|Any CPU
		{20E8CC0A-EBB5-4A17-8A26-BD424AEBA8C2}.Debug|Any CPU.ActiveCfg = Debug|Any CPU
		{20E8CC0A-EBB5-4A17-8A26-BD424AEBA8C2}.Release|Any CPU.Build.0 = Release|Any CPU
		{20E8CC0A-EBB5-4A17-8A26-BD424AEBA8C2}.Release|Any CPU.ActiveCfg = Release|Any CPU
	EndGlobalSection
EndGlobal
