
Microsoft Visual Studio Solution File, Format Version 11.00
# Visual Studio 2010
# SharpDevelop 4.2.2.8818
Project("{FAE04EC0-301F-11D3-BF4B-00C04F79EFBC}") = "testLocalization", "testLocalization\testLocalization.csproj", "{5489B8C0-F2B1-4915-93FF-19DC85E10FC9}"
EndProject
Global
	GlobalSection(SolutionConfigurationPlatforms) = preSolution
		Debug|x86 = Debug|x86
		Release|x86 = Release|x86
	EndGlobalSection
	GlobalSection(ProjectConfigurationPlatforms) = postSolution
		{5489B8C0-F2B1-4915-93FF-19DC85E10FC9}.Debug|x86.Build.0 = Debug|x86
		{5489B8C0-F2B1-4915-93FF-19DC85E10FC9}.Debug|x86.ActiveCfg = Debug|x86
		{5489B8C0-F2B1-4915-93FF-19DC85E10FC9}.Release|x86.Build.0 = Release|x86
		{5489B8C0-F2B1-4915-93FF-19DC85E10FC9}.Release|x86.ActiveCfg = Release|x86
	EndGlobalSection
EndGlobal
