
Microsoft Visual Studio Solution File, Format Version 12.00
# Visual Studio Version 17
VisualStudioVersion = 17.5.002.0
MinimumVisualStudioVersion = 10.0.40219.1
Project("{9A19103F-16F7-4668-BE54-9A1E7A4F7556}") = "Vocabulary", "Vocabulary\Vocabulary.csproj", "{5819E206-351A-43B4-ACA4-A9ACDFBB852A}"
EndProject
Global
	GlobalSection(SolutionConfigurationPlatforms) = preSolution
		Debug|Any CPU = Debug|Any CPU
		Release|Any CPU = Release|Any CPU
	EndGlobalSection
	GlobalSection(ProjectConfigurationPlatforms) = postSolution
		{5819E206-351A-43B4-ACA4-A9ACDFBB852A}.Debug|Any CPU.ActiveCfg = Debug|Any CPU
		{5819E206-351A-43B4-ACA4-A9ACDFBB852A}.Debug|Any CPU.Build.0 = Debug|Any CPU
		{5819E206-351A-43B4-ACA4-A9ACDFBB852A}.Release|Any CPU.ActiveCfg = Release|Any CPU
		{5819E206-351A-43B4-ACA4-A9ACDFBB852A}.Release|Any CPU.Build.0 = Release|Any CPU
	EndGlobalSection
	GlobalSection(SolutionProperties) = preSolution
		HideSolutionNode = FALSE
	EndGlobalSection
	GlobalSection(ExtensibilityGlobals) = postSolution
		SolutionGuid = {79665EE2-2562-45FC-BB0B-9AE6CE4275BF}
	EndGlobalSection
EndGlobal
