
Microsoft Visual Studio Solution File, Format Version 11.00
# Visual Studio 2010
# SharpDevelop 5.1
Project("{FAE04EC0-301F-11D3-BF4B-00C04F79EFBC}") = "testGettingMailFromExchangeWithoutEws", "testGettingMailFromExchangeWithoutEws\testGettingMailFromExchangeWithoutEws.csproj", "{F42117CC-D314-4D8D-9371-AB9ECDA59086}"
EndProject
Global
	GlobalSection(SolutionConfigurationPlatforms) = preSolution
		Debug|Any CPU = Debug|Any CPU
		Release|Any CPU = Release|Any CPU
	EndGlobalSection
	GlobalSection(ProjectConfigurationPlatforms) = postSolution
		{F42117CC-D314-4D8D-9371-AB9ECDA59086}.Debug|Any CPU.ActiveCfg = Debug|Any CPU
		{F42117CC-D314-4D8D-9371-AB9ECDA59086}.Debug|Any CPU.Build.0 = Debug|Any CPU
		{F42117CC-D314-4D8D-9371-AB9ECDA59086}.Release|Any CPU.ActiveCfg = Release|Any CPU
		{F42117CC-D314-4D8D-9371-AB9ECDA59086}.Release|Any CPU.Build.0 = Release|Any CPU
	EndGlobalSection
EndGlobal
