
Microsoft Visual Studio Solution File, Format Version 11.00
# Visual Studio 2010
Project("{FAE04EC0-301F-11D3-BF4B-00C04F79EFBC}") = "testNancyPagePosting", "testNancyPagePosting\testNancyPagePosting.csproj", "{D9E2D6C0-AE27-43F8-B7FB-6C020F5F55A6}"
EndProject
Global
	GlobalSection(SolutionConfigurationPlatforms) = preSolution
		Debug|x86 = Debug|x86
		Release|x86 = Release|x86
	EndGlobalSection
	GlobalSection(ProjectConfigurationPlatforms) = postSolution
		{D9E2D6C0-AE27-43F8-B7FB-6C020F5F55A6}.Debug|x86.ActiveCfg = Debug|x86
		{D9E2D6C0-AE27-43F8-B7FB-6C020F5F55A6}.Debug|x86.Build.0 = Debug|x86
		{D9E2D6C0-AE27-43F8-B7FB-6C020F5F55A6}.Release|x86.ActiveCfg = Release|x86
		{D9E2D6C0-AE27-43F8-B7FB-6C020F5F55A6}.Release|x86.Build.0 = Release|x86
	EndGlobalSection
	GlobalSection(MonoDevelopProperties) = preSolution
		StartupItem = testNancyPagePosting\testNancyPagePosting.csproj
	EndGlobalSection
EndGlobal
