
Microsoft Visual Studio Solution File, Format Version 12.00
# Visual Studio 2012
# SharpDevelop 5.1
VisualStudioVersion = 12.0.20827.3
MinimumVisualStudioVersion = 10.0.40219.1
Project("{FAE04EC0-301F-11D3-BF4B-00C04F79EFBC}") = "NancyWinForm", "NancyWinForm\NancyWinForm.csproj", "{D2C4570A-7222-4099-8505-6E1CD6F982BC}"
EndProject
Global
	GlobalSection(SolutionConfigurationPlatforms) = preSolution
		Debug|Any CPU = Debug|Any CPU
		Release|Any CPU = Release|Any CPU
	EndGlobalSection
	GlobalSection(ProjectConfigurationPlatforms) = postSolution
		{D2C4570A-7222-4099-8505-6E1CD6F982BC}.Debug|Any CPU.ActiveCfg = Debug|Any CPU
		{D2C4570A-7222-4099-8505-6E1CD6F982BC}.Debug|Any CPU.Build.0 = Debug|Any CPU
		{D2C4570A-7222-4099-8505-6E1CD6F982BC}.Release|Any CPU.ActiveCfg = Release|Any CPU
		{D2C4570A-7222-4099-8505-6E1CD6F982BC}.Release|Any CPU.Build.0 = Release|Any CPU
	EndGlobalSection
EndGlobal
