
Microsoft Visual Studio Solution File, Format Version 11.00
# Visual Studio 2010
# SharpDevelop 4.3
Project("{FAE04EC0-301F-11D3-BF4B-00C04F79EFBC}") = "testUiaWithPatterns", "testUiaWithPatterns\testUiaWithPatterns.csproj", "{0DC6C9EE-BBFF-40CB-BBB0-60A8C152F86E}"
EndProject
Global
	GlobalSection(SolutionConfigurationPlatforms) = preSolution
		Debug|Any CPU = Debug|Any CPU
		Release|Any CPU = Release|Any CPU
	EndGlobalSection
	GlobalSection(ProjectConfigurationPlatforms) = postSolution
		{0DC6C9EE-BBFF-40CB-BBB0-60A8C152F86E}.Debug|Any CPU.Build.0 = Debug|Any CPU
		{0DC6C9EE-BBFF-40CB-BBB0-60A8C152F86E}.Debug|Any CPU.ActiveCfg = Debug|Any CPU
		{0DC6C9EE-BBFF-40CB-BBB0-60A8C152F86E}.Release|Any CPU.Build.0 = Release|Any CPU
		{0DC6C9EE-BBFF-40CB-BBB0-60A8C152F86E}.Release|Any CPU.ActiveCfg = Release|Any CPU
	EndGlobalSection
EndGlobal
