
Microsoft Visual Studio Solution File, Format Version 9.00
# Visual Studio 2005
# SharpDevelop 5.0
Project("{FAE04EC0-301F-11D3-BF4B-00C04F79EFBC}") = "testDateTimePattern", "testDateTimePattern\testDateTimePattern.csproj", "{FF97614A-5335-4B65-B06E-979AF079D8DE}"
EndProject
Global
	GlobalSection(SolutionConfigurationPlatforms) = preSolution
		Debug|Any CPU = Debug|Any CPU
		Release|Any CPU = Release|Any CPU
	EndGlobalSection
	GlobalSection(ProjectConfigurationPlatforms) = postSolution
		{FF97614A-5335-4B65-B06E-979AF079D8DE}.Debug|Any CPU.ActiveCfg = Debug|Any CPU
		{FF97614A-5335-4B65-B06E-979AF079D8DE}.Debug|Any CPU.Build.0 = Debug|Any CPU
		{FF97614A-5335-4B65-B06E-979AF079D8DE}.Release|Any CPU.ActiveCfg = Release|Any CPU
		{FF97614A-5335-4B65-B06E-979AF079D8DE}.Release|Any CPU.Build.0 = Release|Any CPU
	EndGlobalSection
EndGlobal
