
Microsoft Visual Studio Solution File, Format Version 11.00
# Visual Studio 2010
# SharpDevelop 5.0
Project("{FAE04EC0-301F-11D3-BF4B-00C04F79EFBC}") = "testTmxServer", "testTmxServer\testTmxServer.csproj", "{51861928-E13D-4FDE-B63A-EBFD294A288E}"
EndProject
Project("{FAE04EC0-301F-11D3-BF4B-00C04F79EFBC}") = "Tmx.Server", "Tmx.Server\Tmx.Server.csproj", "{3E575B6F-BA0A-4169-A94B-58DFC26767E8}"
EndProject
Project("{FAE04EC0-301F-11D3-BF4B-00C04F79EFBC}") = "Tmx.Interfaces", "Tmx.Interfaces\Tmx.Interfaces.csproj", "{4230BDEB-122A-46D7-BBA2-20384F3EA9A8}"
EndProject
Project("{FAE04EC0-301F-11D3-BF4B-00C04F79EFBC}") = "Tmx.Core", "Tmx.Core\Tmx.Core.csproj", "{5C749900-0F40-49D6-987B-ABFCCB062FC3}"
EndProject
Project("{FAE04EC0-301F-11D3-BF4B-00C04F79EFBC}") = "Tmx.Client", "Tmx.Client\Tmx.Client.csproj", "{9CB1C211-9C21-48E0-B06A-4205CC269D3B}"
EndProject
Global
	GlobalSection(SolutionConfigurationPlatforms) = preSolution
		Debug|x86 = Debug|x86
		Release|x86 = Release|x86
	EndGlobalSection
	GlobalSection(ProjectConfigurationPlatforms) = postSolution
		{51861928-E13D-4FDE-B63A-EBFD294A288E}.Debug|x86.ActiveCfg = Debug|x86
		{51861928-E13D-4FDE-B63A-EBFD294A288E}.Debug|x86.Build.0 = Debug|x86
		{51861928-E13D-4FDE-B63A-EBFD294A288E}.Release|x86.ActiveCfg = Release|x86
		{51861928-E13D-4FDE-B63A-EBFD294A288E}.Release|x86.Build.0 = Release|x86
		{3E575B6F-BA0A-4169-A94B-58DFC26767E8}.Debug|x86.ActiveCfg = Debug|Any CPU
		{3E575B6F-BA0A-4169-A94B-58DFC26767E8}.Debug|x86.Build.0 = Debug|Any CPU
		{3E575B6F-BA0A-4169-A94B-58DFC26767E8}.Release|x86.ActiveCfg = Release|Any CPU
		{3E575B6F-BA0A-4169-A94B-58DFC26767E8}.Release|x86.Build.0 = Release|Any CPU
		{4230BDEB-122A-46D7-BBA2-20384F3EA9A8}.Debug|x86.ActiveCfg = Debug|Any CPU
		{4230BDEB-122A-46D7-BBA2-20384F3EA9A8}.Debug|x86.Build.0 = Debug|Any CPU
		{4230BDEB-122A-46D7-BBA2-20384F3EA9A8}.Release|x86.ActiveCfg = Release|Any CPU
		{4230BDEB-122A-46D7-BBA2-20384F3EA9A8}.Release|x86.Build.0 = Release|Any CPU
		{5C749900-0F40-49D6-987B-ABFCCB062FC3}.Debug|x86.ActiveCfg = Debug|Any CPU
		{5C749900-0F40-49D6-987B-ABFCCB062FC3}.Debug|x86.Build.0 = Debug|Any CPU
		{5C749900-0F40-49D6-987B-ABFCCB062FC3}.Release|x86.ActiveCfg = Release|Any CPU
		{5C749900-0F40-49D6-987B-ABFCCB062FC3}.Release|x86.Build.0 = Release|Any CPU
		{9CB1C211-9C21-48E0-B06A-4205CC269D3B}.Debug|x86.ActiveCfg = Debug|Any CPU
		{9CB1C211-9C21-48E0-B06A-4205CC269D3B}.Debug|x86.Build.0 = Debug|Any CPU
		{9CB1C211-9C21-48E0-B06A-4205CC269D3B}.Release|x86.ActiveCfg = Release|Any CPU
		{9CB1C211-9C21-48E0-B06A-4205CC269D3B}.Release|x86.Build.0 = Release|Any CPU
	EndGlobalSection
	GlobalSection(MonoDevelopProperties) = preSolution
		StartupItem = testTmxServer\testTmxServer.csproj
	EndGlobalSection
EndGlobal
