
Microsoft Visual Studio Solution File, Format Version 11.00
# Visual Studio 2010
# SharpDevelop 5.1
Project("{FAE04EC0-301F-11D3-BF4B-00C04F79EFBC}") = "testGettingGroupNameByItsSid", "testGettingGroupNameByItsSid\testGettingGroupNameByItsSid.csproj", "{DFDF455E-AA44-4567-9AE5-56D798BE9330}"
EndProject
Global
	GlobalSection(SolutionConfigurationPlatforms) = preSolution
		Debug|Any CPU = Debug|Any CPU
		Release|Any CPU = Release|Any CPU
	EndGlobalSection
	GlobalSection(ProjectConfigurationPlatforms) = postSolution
		{DFDF455E-AA44-4567-9AE5-56D798BE9330}.Debug|Any CPU.ActiveCfg = Debug|Any CPU
		{DFDF455E-AA44-4567-9AE5-56D798BE9330}.Debug|Any CPU.Build.0 = Debug|Any CPU
		{DFDF455E-AA44-4567-9AE5-56D798BE9330}.Release|Any CPU.ActiveCfg = Release|Any CPU
		{DFDF455E-AA44-4567-9AE5-56D798BE9330}.Release|Any CPU.Build.0 = Release|Any CPU
	EndGlobalSection
EndGlobal
