
Microsoft Visual Studio Solution File, Format Version 11.00
# Visual Studio 2010
# SharpDevelop 4.4
Project("{FAE04EC0-301F-11D3-BF4B-00C04F79EFBC}") = "testNSubProxyExtensionMethods", "testNSubProxyExtensionMethods\testNSubProxyExtensionMethods.csproj", "{70CD3F45-5D31-40C6-94D7-38927A4A123A}"
EndProject
Global
	GlobalSection(SolutionConfigurationPlatforms) = preSolution
		Debug|Any CPU = Debug|Any CPU
		Release|Any CPU = Release|Any CPU
	EndGlobalSection
	GlobalSection(ProjectConfigurationPlatforms) = postSolution
		{70CD3F45-5D31-40C6-94D7-38927A4A123A}.Debug|Any CPU.Build.0 = Debug|Any CPU
		{70CD3F45-5D31-40C6-94D7-38927A4A123A}.Debug|Any CPU.ActiveCfg = Debug|Any CPU
		{70CD3F45-5D31-40C6-94D7-38927A4A123A}.Release|Any CPU.Build.0 = Release|Any CPU
		{70CD3F45-5D31-40C6-94D7-38927A4A123A}.Release|Any CPU.ActiveCfg = Release|Any CPU
	EndGlobalSection
EndGlobal
