
Microsoft Visual Studio Solution File, Format Version 11.00
# Visual Studio 2010
# SharpDevelop 4.2.2.8818
Project("{FAE04EC0-301F-11D3-BF4B-00C04F79EFBC}") = "formForAmpersandTest", "formForAmpersandTest\formForAmpersandTest.csproj", "{609A6914-C65A-4A3E-8292-A9A4A8286757}"
EndProject
Global
	GlobalSection(SolutionConfigurationPlatforms) = preSolution
		Debug|x86 = Debug|x86
		Release|x86 = Release|x86
	EndGlobalSection
	GlobalSection(ProjectConfigurationPlatforms) = postSolution
		{609A6914-C65A-4A3E-8292-A9A4A8286757}.Debug|x86.Build.0 = Debug|x86
		{609A6914-C65A-4A3E-8292-A9A4A8286757}.Debug|x86.ActiveCfg = Debug|x86
		{609A6914-C65A-4A3E-8292-A9A4A8286757}.Release|x86.Build.0 = Release|x86
		{609A6914-C65A-4A3E-8292-A9A4A8286757}.Release|x86.ActiveCfg = Release|x86
	EndGlobalSection
EndGlobal
