
Microsoft Visual Studio Solution File, Format Version 12.00
# Visual Studio 2013
VisualStudioVersion = 12.0.31101.0
MinimumVisualStudioVersion = 10.0.40219.1
Project("{FAE04EC0-301F-11D3-BF4B-00C04F79EFBC}") = "Guestbook", "Guestbook\Guestbook.csproj", "{49C80C01-CB64-4546-8539-48E60BF387F8}"
EndProject
Project("{FAE04EC0-301F-11D3-BF4B-00C04F79EFBC}") = "Guestbook.Tests", "Guestbook.Tests\Guestbook.Tests.csproj", "{0508266D-9B5D-4244-BDB2-D923774B67A8}"
EndProject
Global
	GlobalSection(SolutionConfigurationPlatforms) = preSolution
		Debug|Any CPU = Debug|Any CPU
		Release|Any CPU = Release|Any CPU
	EndGlobalSection
	GlobalSection(ProjectConfigurationPlatforms) = postSolution
		{49C80C01-CB64-4546-8539-48E60BF387F8}.Debug|Any CPU.ActiveCfg = Debug|Any CPU
		{49C80C01-CB64-4546-8539-48E60BF387F8}.Debug|Any CPU.Build.0 = Debug|Any CPU
		{49C80C01-CB64-4546-8539-48E60BF387F8}.Release|Any CPU.ActiveCfg = Release|Any CPU
		{49C80C01-CB64-4546-8539-48E60BF387F8}.Release|Any CPU.Build.0 = Release|Any CPU
		{0508266D-9B5D-4244-BDB2-D923774B67A8}.Debug|Any CPU.ActiveCfg = Debug|Any CPU
		{0508266D-9B5D-4244-BDB2-D923774B67A8}.Debug|Any CPU.Build.0 = Debug|Any CPU
		{0508266D-9B5D-4244-BDB2-D923774B67A8}.Release|Any CPU.ActiveCfg = Release|Any CPU
		{0508266D-9B5D-4244-BDB2-D923774B67A8}.Release|Any CPU.Build.0 = Release|Any CPU
	EndGlobalSection
	GlobalSection(SolutionProperties) = preSolution
		HideSolutionNode = FALSE
	EndGlobalSection
EndGlobal
